lockfileVersion: '9.0'

settings:
  autoInstallPeers: true
  excludeLinksFromLockfile: false

importers:

  .:
    dependencies:
      '@xstate/vue':
        specifier: ^3.1.2
        version: 3.1.2(vue@3.4.35(typescript@5.5.4))(xstate@5.17.1)
      vue:
        specifier: ^3.4.35
        version: 3.4.35(typescript@5.5.4)
      xstate:
        specifier: ^5.17.1
        version: 5.17.1
    devDependencies:
      '@vitejs/plugin-vue':
        specifier: ^4.6.2
        version: 4.6.2(vite@5.3.5)(vue@3.4.35(typescript@5.5.4))
      typescript:
        specifier: ^5.5.4
        version: 5.5.4
      vite:
        specifier: ^5.3.5
        version: 5.3.5
      vue-tsc:
        specifier: ^1.8.27
        version: 1.8.27(typescript@5.5.4)

packages:

  '@babel/helper-string-parser@7.24.8':
    resolution: {integrity: sha512-pO9KhhRcuUyGnJWwyEgnRJTSIZHiT+vMD0kPeD+so0l7mxkMT19g3pjY9GTnHySck/hDzq+dtW/4VgnMkippsQ==, tarball: https://registry.npmjs.org/@babel/helper-string-parser/-/helper-string-parser-7.24.8.tgz}
    engines: {node: '>=6.9.0'}

  '@babel/helper-validator-identifier@7.24.7':
    resolution: {integrity: sha512-rR+PBcQ1SMQDDyF6X0wxtG8QyLCgUB0eRAGguqRLfkCA87l7yAP7ehq8SNj96OOGTO8OBV70KhuFYcIkHXOg0w==, tarball: https://registry.npmjs.org/@babel/helper-validator-identifier/-/helper-validator-identifier-7.24.7.tgz}
    engines: {node: '>=6.9.0'}

  '@babel/parser@7.25.3':
    resolution: {integrity: sha512-iLTJKDbJ4hMvFPgQwwsVoxtHyWpKKPBrxkANrSYewDPaPpT5py5yeVkgPIJ7XYXhndxJpaA3PyALSXQ7u8e/Dw==, tarball: https://registry.npmjs.org/@babel/parser/-/parser-7.25.3.tgz}
    engines: {node: '>=6.0.0'}
    hasBin: true

  '@babel/types@7.25.2':
    resolution: {integrity: sha512-YTnYtra7W9e6/oAZEHj0bJehPRUlLH9/fbpT5LfB0NhQXyALCRkRs3zH9v07IYhkgpqX6Z78FnuccZr/l4Fs4Q==, tarball: https://registry.npmjs.org/@babel/types/-/types-7.25.2.tgz}
    engines: {node: '>=6.9.0'}

  '@esbuild/aix-ppc64@0.21.5':
    resolution: {integrity: sha512-1SDgH6ZSPTlggy1yI6+Dbkiz8xzpHJEVAlF/AM1tHPLsf5STom9rwtjE4hKAF20FfXXNTFqEYXyJNWh1GiZedQ==, tarball: https://registry.npmjs.org/@esbuild/aix-ppc64/-/aix-ppc64-0.21.5.tgz}
    engines: {node: '>=12'}
    cpu: [ppc64]
    os: [aix]

  '@esbuild/android-arm64@0.21.5':
    resolution: {integrity: sha512-c0uX9VAUBQ7dTDCjq+wdyGLowMdtR/GoC2U5IYk/7D1H1JYC0qseD7+11iMP2mRLN9RcCMRcjC4YMclCzGwS/A==, tarball: https://registry.npmjs.org/@esbuild/android-arm64/-/android-arm64-0.21.5.tgz}
    engines: {node: '>=12'}
    cpu: [arm64]
    os: [android]

  '@esbuild/android-arm@0.21.5':
    resolution: {integrity: sha512-vCPvzSjpPHEi1siZdlvAlsPxXl7WbOVUBBAowWug4rJHb68Ox8KualB+1ocNvT5fjv6wpkX6o/iEpbDrf68zcg==, tarball: https://registry.npmjs.org/@esbuild/android-arm/-/android-arm-0.21.5.tgz}
    engines: {node: '>=12'}
    cpu: [arm]
    os: [android]

  '@esbuild/android-x64@0.21.5':
    resolution: {integrity: sha512-D7aPRUUNHRBwHxzxRvp856rjUHRFW1SdQATKXH2hqA0kAZb1hKmi02OpYRacl0TxIGz/ZmXWlbZgjwWYaCakTA==, tarball: https://registry.npmjs.org/@esbuild/android-x64/-/android-x64-0.21.5.tgz}
    engines: {node: '>=12'}
    cpu: [x64]
    os: [android]

  '@esbuild/darwin-arm64@0.21.5':
    resolution: {integrity: sha512-DwqXqZyuk5AiWWf3UfLiRDJ5EDd49zg6O9wclZ7kUMv2WRFr4HKjXp/5t8JZ11QbQfUS6/cRCKGwYhtNAY88kQ==, tarball: https://registry.npmjs.org/@esbuild/darwin-arm64/-/darwin-arm64-0.21.5.tgz}
    engines: {node: '>=12'}
    cpu: [arm64]
    os: [darwin]

  '@esbuild/darwin-x64@0.21.5':
    resolution: {integrity: sha512-se/JjF8NlmKVG4kNIuyWMV/22ZaerB+qaSi5MdrXtd6R08kvs2qCN4C09miupktDitvh8jRFflwGFBQcxZRjbw==, tarball: https://registry.npmjs.org/@esbuild/darwin-x64/-/darwin-x64-0.21.5.tgz}
    engines: {node: '>=12'}
    cpu: [x64]
    os: [darwin]

  '@esbuild/freebsd-arm64@0.21.5':
    resolution: {integrity: sha512-5JcRxxRDUJLX8JXp/wcBCy3pENnCgBR9bN6JsY4OmhfUtIHe3ZW0mawA7+RDAcMLrMIZaf03NlQiX9DGyB8h4g==, tarball: https://registry.npmjs.org/@esbuild/freebsd-arm64/-/freebsd-arm64-0.21.5.tgz}
    engines: {node: '>=12'}
    cpu: [arm64]
    os: [freebsd]

  '@esbuild/freebsd-x64@0.21.5':
    resolution: {integrity: sha512-J95kNBj1zkbMXtHVH29bBriQygMXqoVQOQYA+ISs0/2l3T9/kj42ow2mpqerRBxDJnmkUDCaQT/dfNXWX/ZZCQ==, tarball: https://registry.npmjs.org/@esbuild/freebsd-x64/-/freebsd-x64-0.21.5.tgz}
    engines: {node: '>=12'}
    cpu: [x64]
    os: [freebsd]

  '@esbuild/linux-arm64@0.21.5':
    resolution: {integrity: sha512-ibKvmyYzKsBeX8d8I7MH/TMfWDXBF3db4qM6sy+7re0YXya+K1cem3on9XgdT2EQGMu4hQyZhan7TeQ8XkGp4Q==, tarball: https://registry.npmjs.org/@esbuild/linux-arm64/-/linux-arm64-0.21.5.tgz}
    engines: {node: '>=12'}
    cpu: [arm64]
    os: [linux]

  '@esbuild/linux-arm@0.21.5':
    resolution: {integrity: sha512-bPb5AHZtbeNGjCKVZ9UGqGwo8EUu4cLq68E95A53KlxAPRmUyYv2D6F0uUI65XisGOL1hBP5mTronbgo+0bFcA==, tarball: https://registry.npmjs.org/@esbuild/linux-arm/-/linux-arm-0.21.5.tgz}
    engines: {node: '>=12'}
    cpu: [arm]
    os: [linux]

  '@esbuild/linux-ia32@0.21.5':
    resolution: {integrity: sha512-YvjXDqLRqPDl2dvRODYmmhz4rPeVKYvppfGYKSNGdyZkA01046pLWyRKKI3ax8fbJoK5QbxblURkwK/MWY18Tg==, tarball: https://registry.npmjs.org/@esbuild/linux-ia32/-/linux-ia32-0.21.5.tgz}
    engines: {node: '>=12'}
    cpu: [ia32]
    os: [linux]

  '@esbuild/linux-loong64@0.21.5':
    resolution: {integrity: sha512-uHf1BmMG8qEvzdrzAqg2SIG/02+4/DHB6a9Kbya0XDvwDEKCoC8ZRWI5JJvNdUjtciBGFQ5PuBlpEOXQj+JQSg==, tarball: https://registry.npmjs.org/@esbuild/linux-loong64/-/linux-loong64-0.21.5.tgz}
    engines: {node: '>=12'}
    cpu: [loong64]
    os: [linux]

  '@esbuild/linux-mips64el@0.21.5':
    resolution: {integrity: sha512-IajOmO+KJK23bj52dFSNCMsz1QP1DqM6cwLUv3W1QwyxkyIWecfafnI555fvSGqEKwjMXVLokcV5ygHW5b3Jbg==, tarball: https://registry.npmjs.org/@esbuild/linux-mips64el/-/linux-mips64el-0.21.5.tgz}
    engines: {node: '>=12'}
    cpu: [mips64el]
    os: [linux]

  '@esbuild/linux-ppc64@0.21.5':
    resolution: {integrity: sha512-1hHV/Z4OEfMwpLO8rp7CvlhBDnjsC3CttJXIhBi+5Aj5r+MBvy4egg7wCbe//hSsT+RvDAG7s81tAvpL2XAE4w==, tarball: https://registry.npmjs.org/@esbuild/linux-ppc64/-/linux-ppc64-0.21.5.tgz}
    engines: {node: '>=12'}
    cpu: [ppc64]
    os: [linux]

  '@esbuild/linux-riscv64@0.21.5':
    resolution: {integrity: sha512-2HdXDMd9GMgTGrPWnJzP2ALSokE/0O5HhTUvWIbD3YdjME8JwvSCnNGBnTThKGEB91OZhzrJ4qIIxk/SBmyDDA==, tarball: https://registry.npmjs.org/@esbuild/linux-riscv64/-/linux-riscv64-0.21.5.tgz}
    engines: {node: '>=12'}
    cpu: [riscv64]
    os: [linux]

  '@esbuild/linux-s390x@0.21.5':
    resolution: {integrity: sha512-zus5sxzqBJD3eXxwvjN1yQkRepANgxE9lgOW2qLnmr8ikMTphkjgXu1HR01K4FJg8h1kEEDAqDcZQtbrRnB41A==, tarball: https://registry.npmjs.org/@esbuild/linux-s390x/-/linux-s390x-0.21.5.tgz}
    engines: {node: '>=12'}
    cpu: [s390x]
    os: [linux]

  '@esbuild/linux-x64@0.21.5':
    resolution: {integrity: sha512-1rYdTpyv03iycF1+BhzrzQJCdOuAOtaqHTWJZCWvijKD2N5Xu0TtVC8/+1faWqcP9iBCWOmjmhoH94dH82BxPQ==, tarball: https://registry.npmjs.org/@esbuild/linux-x64/-/linux-x64-0.21.5.tgz}
    engines: {node: '>=12'}
    cpu: [x64]
    os: [linux]

  '@esbuild/netbsd-x64@0.21.5':
    resolution: {integrity: sha512-Woi2MXzXjMULccIwMnLciyZH4nCIMpWQAs049KEeMvOcNADVxo0UBIQPfSmxB3CWKedngg7sWZdLvLczpe0tLg==, tarball: https://registry.npmjs.org/@esbuild/netbsd-x64/-/netbsd-x64-0.21.5.tgz}
    engines: {node: '>=12'}
    cpu: [x64]
    os: [netbsd]

  '@esbuild/openbsd-x64@0.21.5':
    resolution: {integrity: sha512-HLNNw99xsvx12lFBUwoT8EVCsSvRNDVxNpjZ7bPn947b8gJPzeHWyNVhFsaerc0n3TsbOINvRP2byTZ5LKezow==, tarball: https://registry.npmjs.org/@esbuild/openbsd-x64/-/openbsd-x64-0.21.5.tgz}
    engines: {node: '>=12'}
    cpu: [x64]
    os: [openbsd]

  '@esbuild/sunos-x64@0.21.5':
    resolution: {integrity: sha512-6+gjmFpfy0BHU5Tpptkuh8+uw3mnrvgs+dSPQXQOv3ekbordwnzTVEb4qnIvQcYXq6gzkyTnoZ9dZG+D4garKg==, tarball: https://registry.npmjs.org/@esbuild/sunos-x64/-/sunos-x64-0.21.5.tgz}
    engines: {node: '>=12'}
    cpu: [x64]
    os: [sunos]

  '@esbuild/win32-arm64@0.21.5':
    resolution: {integrity: sha512-Z0gOTd75VvXqyq7nsl93zwahcTROgqvuAcYDUr+vOv8uHhNSKROyU961kgtCD1e95IqPKSQKH7tBTslnS3tA8A==, tarball: https://registry.npmjs.org/@esbuild/win32-arm64/-/win32-arm64-0.21.5.tgz}
    engines: {node: '>=12'}
    cpu: [arm64]
    os: [win32]

  '@esbuild/win32-ia32@0.21.5':
    resolution: {integrity: sha512-SWXFF1CL2RVNMaVs+BBClwtfZSvDgtL//G/smwAc5oVK/UPu2Gu9tIaRgFmYFFKrmg3SyAjSrElf0TiJ1v8fYA==, tarball: https://registry.npmjs.org/@esbuild/win32-ia32/-/win32-ia32-0.21.5.tgz}
    engines: {node: '>=12'}
    cpu: [ia32]
    os: [win32]

  '@esbuild/win32-x64@0.21.5':
    resolution: {integrity: sha512-tQd/1efJuzPC6rCFwEvLtci/xNFcTZknmXs98FYDfGE4wP9ClFV98nyKrzJKVPMhdDnjzLhdUyMX4PsQAPjwIw==, tarball: https://registry.npmjs.org/@esbuild/win32-x64/-/win32-x64-0.21.5.tgz}
    engines: {node: '>=12'}
    cpu: [x64]
    os: [win32]

  '@jridgewell/sourcemap-codec@1.5.0':
    resolution: {integrity: sha512-gv3ZRaISU3fjPAgNsriBRqGWQL6quFx04YMPW/zD8XMLsU32mhCCbfbO6KZFLjvYpCZ8zyDEgqsgf+PwPaM7GQ==, tarball: https://registry.npmjs.org/@jridgewell/sourcemap-codec/-/sourcemap-codec-1.5.0.tgz}

  '@rollup/rollup-android-arm-eabi@4.19.2':
    resolution: {integrity: sha512-OHflWINKtoCFSpm/WmuQaWW4jeX+3Qt3XQDepkkiFTsoxFc5BpF3Z5aDxFZgBqRjO6ATP5+b1iilp4kGIZVWlA==, tarball: https://registry.npmjs.org/@rollup/rollup-android-arm-eabi/-/rollup-android-arm-eabi-4.19.2.tgz}
    cpu: [arm]
    os: [android]

  '@rollup/rollup-android-arm64@4.19.2':
    resolution: {integrity: sha512-k0OC/b14rNzMLDOE6QMBCjDRm3fQOHAL8Ldc9bxEWvMo4Ty9RY6rWmGetNTWhPo+/+FNd1lsQYRd0/1OSix36A==, tarball: https://registry.npmjs.org/@rollup/rollup-android-arm64/-/rollup-android-arm64-4.19.2.tgz}
    cpu: [arm64]
    os: [android]

  '@rollup/rollup-darwin-arm64@4.19.2':
    resolution: {integrity: sha512-IIARRgWCNWMTeQH+kr/gFTHJccKzwEaI0YSvtqkEBPj7AshElFq89TyreKNFAGh5frLfDCbodnq+Ye3dqGKPBw==, tarball: https://registry.npmjs.org/@rollup/rollup-darwin-arm64/-/rollup-darwin-arm64-4.19.2.tgz}
    cpu: [arm64]
    os: [darwin]

  '@rollup/rollup-darwin-x64@4.19.2':
    resolution: {integrity: sha512-52udDMFDv54BTAdnw+KXNF45QCvcJOcYGl3vQkp4vARyrcdI/cXH8VXTEv/8QWfd6Fru8QQuw1b2uNersXOL0g==, tarball: https://registry.npmjs.org/@rollup/rollup-darwin-x64/-/rollup-darwin-x64-4.19.2.tgz}
    cpu: [x64]
    os: [darwin]

  '@rollup/rollup-linux-arm-gnueabihf@4.19.2':
    resolution: {integrity: sha512-r+SI2t8srMPYZeoa1w0o/AfoVt9akI1ihgazGYPQGRilVAkuzMGiTtexNZkrPkQsyFrvqq/ni8f3zOnHw4hUbA==, tarball: https://registry.npmjs.org/@rollup/rollup-linux-arm-gnueabihf/-/rollup-linux-arm-gnueabihf-4.19.2.tgz}
    cpu: [arm]
    os: [linux]

  '@rollup/rollup-linux-arm-musleabihf@4.19.2':
    resolution: {integrity: sha512-+tYiL4QVjtI3KliKBGtUU7yhw0GMcJJuB9mLTCEauHEsqfk49gtUBXGtGP3h1LW8MbaTY6rSFIQV1XOBps1gBA==, tarball: https://registry.npmjs.org/@rollup/rollup-linux-arm-musleabihf/-/rollup-linux-arm-musleabihf-4.19.2.tgz}
    cpu: [arm]
    os: [linux]

  '@rollup/rollup-linux-arm64-gnu@4.19.2':
    resolution: {integrity: sha512-OR5DcvZiYN75mXDNQQxlQPTv4D+uNCUsmSCSY2FolLf9W5I4DSoJyg7z9Ea3TjKfhPSGgMJiey1aWvlWuBzMtg==, tarball: https://registry.npmjs.org/@rollup/rollup-linux-arm64-gnu/-/rollup-linux-arm64-gnu-4.19.2.tgz}
    cpu: [arm64]
    os: [linux]

  '@rollup/rollup-linux-arm64-musl@4.19.2':
    resolution: {integrity: sha512-Hw3jSfWdUSauEYFBSFIte6I8m6jOj+3vifLg8EU3lreWulAUpch4JBjDMtlKosrBzkr0kwKgL9iCfjA8L3geoA==, tarball: https://registry.npmjs.org/@rollup/rollup-linux-arm64-musl/-/rollup-linux-arm64-musl-4.19.2.tgz}
    cpu: [arm64]
    os: [linux]

  '@rollup/rollup-linux-powerpc64le-gnu@4.19.2':
    resolution: {integrity: sha512-rhjvoPBhBwVnJRq/+hi2Q3EMiVF538/o9dBuj9TVLclo9DuONqt5xfWSaE6MYiFKpo/lFPJ/iSI72rYWw5Hc7w==, tarball: https://registry.npmjs.org/@rollup/rollup-linux-powerpc64le-gnu/-/rollup-linux-powerpc64le-gnu-4.19.2.tgz}
    cpu: [ppc64]
    os: [linux]

  '@rollup/rollup-linux-riscv64-gnu@4.19.2':
    resolution: {integrity: sha512-EAz6vjPwHHs2qOCnpQkw4xs14XJq84I81sDRGPEjKPFVPBw7fwvtwhVjcZR6SLydCv8zNK8YGFblKWd/vRmP8g==, tarball: https://registry.npmjs.org/@rollup/rollup-linux-riscv64-gnu/-/rollup-linux-riscv64-gnu-4.19.2.tgz}
    cpu: [riscv64]
    os: [linux]

  '@rollup/rollup-linux-s390x-gnu@4.19.2':
    resolution: {integrity: sha512-IJSUX1xb8k/zN9j2I7B5Re6B0NNJDJ1+soezjNojhT8DEVeDNptq2jgycCOpRhyGj0+xBn7Cq+PK7Q+nd2hxLA==, tarball: https://registry.npmjs.org/@rollup/rollup-linux-s390x-gnu/-/rollup-linux-s390x-gnu-4.19.2.tgz}
    cpu: [s390x]
    os: [linux]

  '@rollup/rollup-linux-x64-gnu@4.19.2':
    resolution: {integrity: sha512-OgaToJ8jSxTpgGkZSkwKE+JQGihdcaqnyHEFOSAU45utQ+yLruE1dkonB2SDI8t375wOKgNn8pQvaWY9kPzxDQ==, tarball: https://registry.npmjs.org/@rollup/rollup-linux-x64-gnu/-/rollup-linux-x64-gnu-4.19.2.tgz}
    cpu: [x64]
    os: [linux]

  '@rollup/rollup-linux-x64-musl@4.19.2':
    resolution: {integrity: sha512-5V3mPpWkB066XZZBgSd1lwozBk7tmOkKtquyCJ6T4LN3mzKENXyBwWNQn8d0Ci81hvlBw5RoFgleVpL6aScLYg==, tarball: https://registry.npmjs.org/@rollup/rollup-linux-x64-musl/-/rollup-linux-x64-musl-4.19.2.tgz}
    cpu: [x64]
    os: [linux]

  '@rollup/rollup-win32-arm64-msvc@4.19.2':
    resolution: {integrity: sha512-ayVstadfLeeXI9zUPiKRVT8qF55hm7hKa+0N1V6Vj+OTNFfKSoUxyZvzVvgtBxqSb5URQ8sK6fhwxr9/MLmxdA==, tarball: https://registry.npmjs.org/@rollup/rollup-win32-arm64-msvc/-/rollup-win32-arm64-msvc-4.19.2.tgz}
    cpu: [arm64]
    os: [win32]

  '@rollup/rollup-win32-ia32-msvc@4.19.2':
    resolution: {integrity: sha512-Mda7iG4fOLHNsPqjWSjANvNZYoW034yxgrndof0DwCy0D3FvTjeNo+HGE6oGWgvcLZNLlcp0hLEFcRs+UGsMLg==, tarball: https://registry.npmjs.org/@rollup/rollup-win32-ia32-msvc/-/rollup-win32-ia32-msvc-4.19.2.tgz}
    cpu: [ia32]
    os: [win32]

  '@rollup/rollup-win32-x64-msvc@4.19.2':
    resolution: {integrity: sha512-DPi0ubYhSow/00YqmG1jWm3qt1F8aXziHc/UNy8bo9cpCacqhuWu+iSq/fp2SyEQK7iYTZ60fBU9cat3MXTjIQ==, tarball: https://registry.npmjs.org/@rollup/rollup-win32-x64-msvc/-/rollup-win32-x64-msvc-4.19.2.tgz}
    cpu: [x64]
    os: [win32]

  '@types/estree@1.0.5':
    resolution: {integrity: sha512-/kYRxGDLWzHOB7q+wtSUQlFrtcdUccpfy+X+9iMBpHK8QLLhx2wIPYuS5DYtR9Wa/YlZAbIovy7qVdB1Aq6Lyw==, tarball: https://registry.npmjs.org/@types/estree/-/estree-1.0.5.tgz}

  '@vitejs/plugin-vue@4.6.2':
    resolution: {integrity: sha512-kqf7SGFoG+80aZG6Pf+gsZIVvGSCKE98JbiWqcCV9cThtg91Jav0yvYFC9Zb+jKetNGF6ZKeoaxgZfND21fWKw==, tarball: https://registry.npmjs.org/@vitejs/plugin-vue/-/plugin-vue-4.6.2.tgz}
    engines: {node: ^14.18.0 || >=16.0.0}
    peerDependencies:
      vite: ^4.0.0 || ^5.0.0
      vue: ^3.2.25

  '@volar/language-core@1.11.1':
    resolution: {integrity: sha512-dOcNn3i9GgZAcJt43wuaEykSluAuOkQgzni1cuxLxTV0nJKanQztp7FxyswdRILaKH+P2XZMPRp2S4MV/pElCw==, tarball: https://registry.npmjs.org/@volar/language-core/-/language-core-1.11.1.tgz}

  '@volar/source-map@1.11.1':
    resolution: {integrity: sha512-hJnOnwZ4+WT5iupLRnuzbULZ42L7BWWPMmruzwtLhJfpDVoZLjNBxHDi2sY2bgZXCKlpU5XcsMFoYrsQmPhfZg==, tarball: https://registry.npmjs.org/@volar/source-map/-/source-map-1.11.1.tgz}

  '@volar/typescript@1.11.1':
    resolution: {integrity: sha512-iU+t2mas/4lYierSnoFOeRFQUhAEMgsFuQxoxvwn5EdQopw43j+J27a4lt9LMInx1gLJBC6qL14WYGlgymaSMQ==, tarball: https://registry.npmjs.org/@volar/typescript/-/typescript-1.11.1.tgz}

  '@vue/compiler-core@3.4.35':
    resolution: {integrity: sha512-gKp0zGoLnMYtw4uS/SJRRO7rsVggLjvot3mcctlMXunYNsX+aRJDqqw/lV5/gHK91nvaAAlWFgdVl020AW1Prg==, tarball: https://registry.npmjs.org/@vue/compiler-core/-/compiler-core-3.4.35.tgz}

  '@vue/compiler-dom@3.4.35':
    resolution: {integrity: sha512-pWIZRL76/oE/VMhdv/ovZfmuooEni6JPG1BFe7oLk5DZRo/ImydXijoZl/4kh2406boRQ7lxTYzbZEEXEhj9NQ==, tarball: https://registry.npmjs.org/@vue/compiler-dom/-/compiler-dom-3.4.35.tgz}

  '@vue/compiler-sfc@3.4.35':
    resolution: {integrity: sha512-xacnRS/h/FCsjsMfxBkzjoNxyxEyKyZfBch/P4vkLRvYJwe5ChXmZZrj8Dsed/752H2Q3JE8kYu9Uyha9J6PgA==, tarball: https://registry.npmjs.org/@vue/compiler-sfc/-/compiler-sfc-3.4.35.tgz}

  '@vue/compiler-ssr@3.4.35':
    resolution: {integrity: sha512-7iynB+0KB1AAJKk/biENTV5cRGHRdbdaD7Mx3nWcm1W8bVD6QmnH3B4AHhQQ1qZHhqFwzEzMwiytXm3PX1e60A==, tarball: https://registry.npmjs.org/@vue/compiler-ssr/-/compiler-ssr-3.4.35.tgz}

  '@vue/language-core@1.8.27':
    resolution: {integrity: sha512-L8Kc27VdQserNaCUNiSFdDl9LWT24ly8Hpwf1ECy3aFb9m6bDhBGQYOujDm21N7EW3moKIOKEanQwe1q5BK+mA==, tarball: https://registry.npmjs.org/@vue/language-core/-/language-core-1.8.27.tgz}
    peerDependencies:
      typescript: '*'
    peerDependenciesMeta:
      typescript:
        optional: true

  '@vue/reactivity@3.4.35':
    resolution: {integrity: sha512-Ggtz7ZZHakriKioveJtPlStYardwQH6VCs9V13/4qjHSQb/teE30LVJNrbBVs4+aoYGtTQKJbTe4CWGxVZrvEw==, tarball: https://registry.npmjs.org/@vue/reactivity/-/reactivity-3.4.35.tgz}

  '@vue/runtime-core@3.4.35':
    resolution: {integrity: sha512-D+BAjFoWwT5wtITpSxwqfWZiBClhBbR+bm0VQlWYFOadUUXFo+5wbe9ErXhLvwguPiLZdEF13QAWi2vP3ZD5tA==, tarball: https://registry.npmjs.org/@vue/runtime-core/-/runtime-core-3.4.35.tgz}

  '@vue/runtime-dom@3.4.35':
    resolution: {integrity: sha512-yGOlbos+MVhlS5NWBF2HDNgblG8e2MY3+GigHEyR/dREAluvI5tuUUgie3/9XeqhPE4LF0i2wjlduh5thnfOqw==, tarball: https://registry.npmjs.org/@vue/runtime-dom/-/runtime-dom-3.4.35.tgz}

  '@vue/server-renderer@3.4.35':
    resolution: {integrity: sha512-iZ0e/u9mRE4T8tNhlo0tbA+gzVkgv8r5BX6s1kRbOZqfpq14qoIvCZ5gIgraOmYkMYrSEZgkkojFPr+Nyq/Mnw==, tarball: https://registry.npmjs.org/@vue/server-renderer/-/server-renderer-3.4.35.tgz}
    peerDependencies:
      vue: 3.4.35

  '@vue/shared@3.4.35':
    resolution: {integrity: sha512-hvuhBYYDe+b1G8KHxsQ0diDqDMA8D9laxWZhNAjE83VZb5UDaXl9Xnz7cGdDSyiHM90qqI/CyGMcpBpiDy6VVQ==, tarball: https://registry.npmjs.org/@vue/shared/-/shared-3.4.35.tgz}

  '@xstate/vue@3.1.2':
    resolution: {integrity: sha512-gMr4LPl3jGvnfMTke0AIx74FvErGjtqfUNdExQUda/aL9e7yc5fGSDBFJlVQfR44hd2xmQDZVjqbxadEk8NRXQ==, tarball: https://registry.npmjs.org/@xstate/vue/-/vue-3.1.2.tgz}
    peerDependencies:
      vue: ^3.0.0
      xstate: ^5.11.0
    peerDependenciesMeta:
      xstate:
        optional: true

  balanced-match@1.0.2:
    resolution: {integrity: sha512-3oSeUO0TMV67hN1AmbXsK4yaqU7tjiHlbxRDZOpH0KW9+CeX4bRAaX0Anxt0tx2MrpRpWwQaPwIlISEJhYU5Pw==, tarball: https://registry.npmjs.org/balanced-match/-/balanced-match-1.0.2.tgz}

  brace-expansion@2.0.1:
    resolution: {integrity: sha512-XnAIvQ8eM+kC6aULx6wuQiwVsnzsi9d3WxzV3FpWTGA19F621kwdbsAcFKXgKUHZWsy+mY6iL1sHTxWEFCytDA==, tarball: https://registry.npmjs.org/brace-expansion/-/brace-expansion-2.0.1.tgz}

  computeds@0.0.1:
    resolution: {integrity: sha512-7CEBgcMjVmitjYo5q8JTJVra6X5mQ20uTThdK+0kR7UEaDrAWEQcRiBtWJzga4eRpP6afNwwLsX2SET2JhVB1Q==, tarball: https://registry.npmjs.org/computeds/-/computeds-0.0.1.tgz}

  csstype@3.1.3:
    resolution: {integrity: sha512-M1uQkMl8rQK/szD0LNhtqxIPLpimGm8sOBwU7lLnCpSbTyY3yeU1Vc7l4KT5zT4s/yOxHH5O7tIuuLOCnLADRw==, tarball: https://registry.npmjs.org/csstype/-/csstype-3.1.3.tgz}

  de-indent@1.0.2:
    resolution: {integrity: sha512-e/1zu3xH5MQryN2zdVaF0OrdNLUbvWxzMbi+iNA6Bky7l1RoP8a2fIbRocyHclXt/arDrrR6lL3TqFD9pMQTsg==, tarball: https://registry.npmjs.org/de-indent/-/de-indent-1.0.2.tgz}

  entities@4.5.0:
    resolution: {integrity: sha512-V0hjH4dGPh9Ao5p0MoRY6BVqtwCjhz6vI5LT8AJ55H+4g9/4vbHx1I54fS0XuclLhDHArPQCiMjDxjaL8fPxhw==, tarball: https://registry.npmjs.org/entities/-/entities-4.5.0.tgz}
    engines: {node: '>=0.12'}

  esbuild@0.21.5:
    resolution: {integrity: sha512-mg3OPMV4hXywwpoDxu3Qda5xCKQi+vCTZq8S9J/EpkhB2HzKXq4SNFZE3+NK93JYxc8VMSep+lOUSC/RVKaBqw==, tarball: https://registry.npmjs.org/esbuild/-/esbuild-0.21.5.tgz}
    engines: {node: '>=12'}
    hasBin: true

  estree-walker@2.0.2:
    resolution: {integrity: sha512-Rfkk/Mp/DL7JVje3u18FxFujQlTNR2q6QfMSMB7AvCBx91NGj/ba3kCfza0f6dVDbw7YlRf/nDrn7pQrCCyQ/w==, tarball: https://registry.npmjs.org/estree-walker/-/estree-walker-2.0.2.tgz}

  fsevents@2.3.3:
    resolution: {integrity: sha512-5xoDfX+fL7faATnagmWPpbFtwh/R77WmMMqqHGS65C3vvB0YHrgF+B1YmZ3441tMj5n63k0212XNoJwzlhffQw==, tarball: https://registry.npmjs.org/fsevents/-/fsevents-2.3.3.tgz}
    engines: {node: ^8.16.0 || ^10.6.0 || >=11.0.0}
    os: [darwin]

  he@1.2.0:
    resolution: {integrity: sha512-F/1DnUGPopORZi0ni+CvrCgHQ5FyEAHRLSApuYWMmrbSwoN2Mn/7k+Gl38gJnR7yyDZk6WLXwiGod1JOWNDKGw==, tarball: https://registry.npmjs.org/he/-/he-1.2.0.tgz}
    hasBin: true

  magic-string@0.30.11:
    resolution: {integrity: sha512-+Wri9p0QHMy+545hKww7YAu5NyzF8iomPL/RQazugQ9+Ez4Ic3mERMd8ZTX5rfK944j+560ZJi8iAwgak1Ac7A==, tarball: https://registry.npmjs.org/magic-string/-/magic-string-0.30.11.tgz}

  minimatch@9.0.5:
    resolution: {integrity: sha512-G6T0ZX48xgozx7587koeX9Ys2NYy6Gmv//P89sEte9V9whIapMNF4idKxnW2QtCcLiTWlb/wfCabAtAFWhhBow==, tarball: https://registry.npmjs.org/minimatch/-/minimatch-9.0.5.tgz}
    engines: {node: '>=16 || 14 >=14.17'}

  muggle-string@0.3.1:
    resolution: {integrity: sha512-ckmWDJjphvd/FvZawgygcUeQCxzvohjFO5RxTjj4eq8kw359gFF3E1brjfI+viLMxss5JrHTDRHZvu2/tuy0Qg==, tarball: https://registry.npmjs.org/muggle-string/-/muggle-string-0.3.1.tgz}

  nanoid@3.3.7:
    resolution: {integrity: sha512-eSRppjcPIatRIMC1U6UngP8XFcz8MQWGQdt1MTBQ7NaAmvXDfvNxbvWV3x2y6CdEUciCSsDHDQZbhYaB8QEo2g==, tarball: https://registry.npmjs.org/nanoid/-/nanoid-3.3.7.tgz}
    engines: {node: ^10 || ^12 || ^13.7 || ^14 || >=15.0.1}
    hasBin: true

  path-browserify@1.0.1:
    resolution: {integrity: sha512-b7uo2UCUOYZcnF/3ID0lulOJi/bafxa1xPe7ZPsammBSpjSWQkjNxlt635YGS2MiR9GjvuXCtz2emr3jbsz98g==, tarball: https://registry.npmjs.org/path-browserify/-/path-browserify-1.0.1.tgz}

  picocolors@1.0.1:
    resolution: {integrity: sha512-anP1Z8qwhkbmu7MFP5iTt+wQKXgwzf7zTyGlcdzabySa9vd0Xt392U0rVmz9poOaBj0uHJKyyo9/upk0HrEQew==, tarball: https://registry.npmjs.org/picocolors/-/picocolors-1.0.1.tgz}

  postcss@8.4.40:
    resolution: {integrity: sha512-YF2kKIUzAofPMpfH6hOi2cGnv/HrUlfucspc7pDyvv7kGdqXrfj8SCl/t8owkEgKEuu8ZcRjSOxFxVLqwChZ2Q==, tarball: https://registry.npmjs.org/postcss/-/postcss-8.4.40.tgz}
    engines: {node: ^10 || ^12 || >=14}

  rollup@4.19.2:
    resolution: {integrity: sha512-6/jgnN1svF9PjNYJ4ya3l+cqutg49vOZ4rVgsDKxdl+5gpGPnByFXWGyfH9YGx9i3nfBwSu1Iyu6vGwFFA0BdQ==, tarball: https://registry.npmjs.org/rollup/-/rollup-4.19.2.tgz}
    engines: {node: '>=18.0.0', npm: '>=8.0.0'}
    hasBin: true

  semver@7.6.3:
    resolution: {integrity: sha512-oVekP1cKtI+CTDvHWYFUcMtsK/00wmAEfyqKfNdARm8u1wNVhSgaX7A8d4UuIlUI5e84iEwOhs7ZPYRmzU9U6A==, tarball: https://registry.npmjs.org/semver/-/semver-7.6.3.tgz}
    engines: {node: '>=10'}
    hasBin: true

  source-map-js@1.2.0:
    resolution: {integrity: sha512-itJW8lvSA0TXEphiRoawsCksnlf8SyvmFzIhltqAHluXd88pkCd+cXJVHTDwdCr0IzwptSm035IHQktUu1QUMg==, tarball: https://registry.npmjs.org/source-map-js/-/source-map-js-1.2.0.tgz}
    engines: {node: '>=0.10.0'}

  to-fast-properties@2.0.0:
    resolution: {integrity: sha512-/OaKK0xYrs3DmxRYqL/yDc+FxFUVYhDlXMhRmv3z915w2HF1tnN1omB354j8VUGO/hbRzyD6Y3sA7v7GS/ceog==, tarball: https://registry.npmjs.org/to-fast-properties/-/to-fast-properties-2.0.0.tgz}
    engines: {node: '>=4'}

  typescript@5.5.4:
    resolution: {integrity: sha512-Mtq29sKDAEYP7aljRgtPOpTvOfbwRWlS6dPRzwjdE+C0R4brX/GUyhHSecbHMFLNBLcJIPt9nl9yG5TZ1weH+Q==, tarball: https://registry.npmjs.org/typescript/-/typescript-5.5.4.tgz}
    engines: {node: '>=14.17'}
    hasBin: true

  vite@5.3.5:
    resolution: {integrity: sha512-MdjglKR6AQXQb9JGiS7Rc2wC6uMjcm7Go/NHNO63EwiJXfuk9PgqiP/n5IDJCziMkfw9n4Ubp7lttNwz+8ZVKA==, tarball: https://registry.npmjs.org/vite/-/vite-5.3.5.tgz}
    engines: {node: ^18.0.0 || >=20.0.0}
    hasBin: true
    peerDependencies:
      '@types/node': ^18.0.0 || >=20.0.0
      less: '*'
      lightningcss: ^1.21.0
      sass: '*'
      stylus: '*'
      sugarss: '*'
      terser: ^5.4.0
    peerDependenciesMeta:
      '@types/node':
        optional: true
      less:
        optional: true
      lightningcss:
        optional: true
      sass:
        optional: true
      stylus:
        optional: true
      sugarss:
        optional: true
      terser:
        optional: true

  vue-template-compiler@2.7.16:
    resolution: {integrity: sha512-AYbUWAJHLGGQM7+cNTELw+KsOG9nl2CnSv467WobS5Cv9uk3wFcnr1Etsz2sEIHEZvw1U+o9mRlEO6QbZvUPGQ==, tarball: https://registry.npmjs.org/vue-template-compiler/-/vue-template-compiler-2.7.16.tgz}

  vue-tsc@1.8.27:
    resolution: {integrity: sha512-WesKCAZCRAbmmhuGl3+VrdWItEvfoFIPXOvUJkjULi+x+6G/Dy69yO3TBRJDr9eUlmsNAwVmxsNZxvHKzbkKdg==, tarball: https://registry.npmjs.org/vue-tsc/-/vue-tsc-1.8.27.tgz}
    hasBin: true
    peerDependencies:
      typescript: '*'

  vue@3.4.35:
    resolution: {integrity: sha512-+fl/GLmI4GPileHftVlCdB7fUL4aziPcqTudpTGXCT8s+iZWuOCeNEB5haX6Uz2IpRrbEXOgIFbe+XciCuGbNQ==, tarball: https://registry.npmjs.org/vue/-/vue-3.4.35.tgz}
    peerDependencies:
      typescript: '*'
    peerDependenciesMeta:
      typescript:
        optional: true

  xstate@5.17.1:
    resolution: {integrity: sha512-RNwcXdth+kboWZg+Zhf6f6iNP6CtAAiS4z4qwyTd/fWBH9PHXRqko6OdW3xOTwP62f0mVD+jsPOSqY4Ar8nZKQ==, tarball: https://registry.npmjs.org/xstate/-/xstate-5.17.1.tgz}

snapshots:

  '@babel/helper-string-parser@7.24.8': {}

  '@babel/helper-validator-identifier@7.24.7': {}

  '@babel/parser@7.25.3':
    dependencies:
      '@babel/types': 7.25.2

  '@babel/types@7.25.2':
    dependencies:
      '@babel/helper-string-parser': 7.24.8
      '@babel/helper-validator-identifier': 7.24.7
      to-fast-properties: 2.0.0

  '@esbuild/aix-ppc64@0.21.5':
    optional: true

  '@esbuild/android-arm64@0.21.5':
    optional: true

  '@esbuild/android-arm@0.21.5':
    optional: true

  '@esbuild/android-x64@0.21.5':
    optional: true

  '@esbuild/darwin-arm64@0.21.5':
    optional: true

  '@esbuild/darwin-x64@0.21.5':
    optional: true

  '@esbuild/freebsd-arm64@0.21.5':
    optional: true

  '@esbuild/freebsd-x64@0.21.5':
    optional: true

  '@esbuild/linux-arm64@0.21.5':
    optional: true

  '@esbuild/linux-arm@0.21.5':
    optional: true

  '@esbuild/linux-ia32@0.21.5':
    optional: true

  '@esbuild/linux-loong64@0.21.5':
    optional: true

  '@esbuild/linux-mips64el@0.21.5':
    optional: true

  '@esbuild/linux-ppc64@0.21.5':
    optional: true

  '@esbuild/linux-riscv64@0.21.5':
    optional: true

  '@esbuild/linux-s390x@0.21.5':
    optional: true

  '@esbuild/linux-x64@0.21.5':
    optional: true

  '@esbuild/netbsd-x64@0.21.5':
    optional: true

  '@esbuild/openbsd-x64@0.21.5':
    optional: true

  '@esbuild/sunos-x64@0.21.5':
    optional: true

  '@esbuild/win32-arm64@0.21.5':
    optional: true

  '@esbuild/win32-ia32@0.21.5':
    optional: true

  '@esbuild/win32-x64@0.21.5':
    optional: true

  '@jridgewell/sourcemap-codec@1.5.0': {}

  '@rollup/rollup-android-arm-eabi@4.19.2':
    optional: true

  '@rollup/rollup-android-arm64@4.19.2':
    optional: true

  '@rollup/rollup-darwin-arm64@4.19.2':
    optional: true

  '@rollup/rollup-darwin-x64@4.19.2':
    optional: true

  '@rollup/rollup-linux-arm-gnueabihf@4.19.2':
    optional: true

  '@rollup/rollup-linux-arm-musleabihf@4.19.2':
    optional: true

  '@rollup/rollup-linux-arm64-gnu@4.19.2':
    optional: true

  '@rollup/rollup-linux-arm64-musl@4.19.2':
    optional: true

  '@rollup/rollup-linux-powerpc64le-gnu@4.19.2':
    optional: true

  '@rollup/rollup-linux-riscv64-gnu@4.19.2':
    optional: true

  '@rollup/rollup-linux-s390x-gnu@4.19.2':
    optional: true

  '@rollup/rollup-linux-x64-gnu@4.19.2':
    optional: true

  '@rollup/rollup-linux-x64-musl@4.19.2':
    optional: true

  '@rollup/rollup-win32-arm64-msvc@4.19.2':
    optional: true

  '@rollup/rollup-win32-ia32-msvc@4.19.2':
    optional: true

  '@rollup/rollup-win32-x64-msvc@4.19.2':
    optional: true

  '@types/estree@1.0.5': {}

  '@vitejs/plugin-vue@4.6.2(vite@5.3.5)(vue@3.4.35(typescript@5.5.4))':
    dependencies:
      vite: 5.3.5
      vue: 3.4.35(typescript@5.5.4)

  '@volar/language-core@1.11.1':
    dependencies:
      '@volar/source-map': 1.11.1

  '@volar/source-map@1.11.1':
    dependencies:
      muggle-string: 0.3.1

  '@volar/typescript@1.11.1':
    dependencies:
      '@volar/language-core': 1.11.1
      path-browserify: 1.0.1

  '@vue/compiler-core@3.4.35':
    dependencies:
      '@babel/parser': 7.25.3
      '@vue/shared': 3.4.35
      entities: 4.5.0
      estree-walker: 2.0.2
      source-map-js: 1.2.0

  '@vue/compiler-dom@3.4.35':
    dependencies:
      '@vue/compiler-core': 3.4.35
      '@vue/shared': 3.4.35

  '@vue/compiler-sfc@3.4.35':
    dependencies:
      '@babel/parser': 7.25.3
      '@vue/compiler-core': 3.4.35
      '@vue/compiler-dom': 3.4.35
      '@vue/compiler-ssr': 3.4.35
      '@vue/shared': 3.4.35
      estree-walker: 2.0.2
      magic-string: 0.30.11
      postcss: 8.4.40
      source-map-js: 1.2.0

  '@vue/compiler-ssr@3.4.35':
    dependencies:
      '@vue/compiler-dom': 3.4.35
      '@vue/shared': 3.4.35

  '@vue/language-core@1.8.27(typescript@5.5.4)':
    dependencies:
      '@volar/language-core': 1.11.1
      '@volar/source-map': 1.11.1
      '@vue/compiler-dom': 3.4.35
      '@vue/shared': 3.4.35
      computeds: 0.0.1
      minimatch: 9.0.5
      muggle-string: 0.3.1
      path-browserify: 1.0.1
      vue-template-compiler: 2.7.16
    optionalDependencies:
      typescript: 5.5.4

  '@vue/reactivity@3.4.35':
    dependencies:
      '@vue/shared': 3.4.35

  '@vue/runtime-core@3.4.35':
    dependencies:
      '@vue/reactivity': 3.4.35
      '@vue/shared': 3.4.35

  '@vue/runtime-dom@3.4.35':
    dependencies:
      '@vue/reactivity': 3.4.35
      '@vue/runtime-core': 3.4.35
      '@vue/shared': 3.4.35
      csstype: 3.1.3

  '@vue/server-renderer@3.4.35(vue@3.4.35(typescript@5.5.4))':
    dependencies:
      '@vue/compiler-ssr': 3.4.35
      '@vue/shared': 3.4.35
      vue: 3.4.35(typescript@5.5.4)

  '@vue/shared@3.4.35': {}

  '@xstate/vue@3.1.2(vue@3.4.35(typescript@5.5.4))(xstate@5.17.1)':
    dependencies:
      vue: 3.4.35(typescript@5.5.4)
    optionalDependencies:
      xstate: 5.17.1

  balanced-match@1.0.2: {}

  brace-expansion@2.0.1:
    dependencies:
      balanced-match: 1.0.2

  computeds@0.0.1: {}

  csstype@3.1.3: {}

  de-indent@1.0.2: {}

  entities@4.5.0: {}

  esbuild@0.21.5:
    optionalDependencies:
      '@esbuild/aix-ppc64': 0.21.5
      '@esbuild/android-arm': 0.21.5
      '@esbuild/android-arm64': 0.21.5
      '@esbuild/android-x64': 0.21.5
      '@esbuild/darwin-arm64': 0.21.5
      '@esbuild/darwin-x64': 0.21.5
      '@esbuild/freebsd-arm64': 0.21.5
      '@esbuild/freebsd-x64': 0.21.5
      '@esbuild/linux-arm': 0.21.5
      '@esbuild/linux-arm64': 0.21.5
      '@esbuild/linux-ia32': 0.21.5
      '@esbuild/linux-loong64': 0.21.5
      '@esbuild/linux-mips64el': 0.21.5
      '@esbuild/linux-ppc64': 0.21.5
      '@esbuild/linux-riscv64': 0.21.5
      '@esbuild/linux-s390x': 0.21.5
      '@esbuild/linux-x64': 0.21.5
      '@esbuild/netbsd-x64': 0.21.5
      '@esbuild/openbsd-x64': 0.21.5
      '@esbuild/sunos-x64': 0.21.5
      '@esbuild/win32-arm64': 0.21.5
      '@esbuild/win32-ia32': 0.21.5
      '@esbuild/win32-x64': 0.21.5

  estree-walker@2.0.2: {}

  fsevents@2.3.3:
    optional: true

  he@1.2.0: {}

  magic-string@0.30.11:
    dependencies:
      '@jridgewell/sourcemap-codec': 1.5.0

  minimatch@9.0.5:
    dependencies:
      brace-expansion: 2.0.1

  muggle-string@0.3.1: {}

  nanoid@3.3.7: {}

  path-browserify@1.0.1: {}

  picocolors@1.0.1: {}

  postcss@8.4.40:
    dependencies:
      nanoid: 3.3.7
      picocolors: 1.0.1
      source-map-js: 1.2.0

  rollup@4.19.2:
    dependencies:
      '@types/estree': 1.0.5
    optionalDependencies:
      '@rollup/rollup-android-arm-eabi': 4.19.2
      '@rollup/rollup-android-arm64': 4.19.2
      '@rollup/rollup-darwin-arm64': 4.19.2
      '@rollup/rollup-darwin-x64': 4.19.2
      '@rollup/rollup-linux-arm-gnueabihf': 4.19.2
      '@rollup/rollup-linux-arm-musleabihf': 4.19.2
      '@rollup/rollup-linux-arm64-gnu': 4.19.2
      '@rollup/rollup-linux-arm64-musl': 4.19.2
      '@rollup/rollup-linux-powerpc64le-gnu': 4.19.2
      '@rollup/rollup-linux-riscv64-gnu': 4.19.2
      '@rollup/rollup-linux-s390x-gnu': 4.19.2
      '@rollup/rollup-linux-x64-gnu': 4.19.2
      '@rollup/rollup-linux-x64-musl': 4.19.2
      '@rollup/rollup-win32-arm64-msvc': 4.19.2
      '@rollup/rollup-win32-ia32-msvc': 4.19.2
      '@rollup/rollup-win32-x64-msvc': 4.19.2
      fsevents: 2.3.3

  semver@7.6.3: {}

  source-map-js@1.2.0: {}

  to-fast-properties@2.0.0: {}

  typescript@5.5.4: {}

  vite@5.3.5:
    dependencies:
      esbuild: 0.21.5
      postcss: 8.4.40
      rollup: 4.19.2
    optionalDependencies:
      fsevents: 2.3.3

  vue-template-compiler@2.7.16:
    dependencies:
      de-indent: 1.0.2
      he: 1.2.0

  vue-tsc@1.8.27(typescript@5.5.4):
    dependencies:
      '@volar/typescript': 1.11.1
      '@vue/language-core': 1.8.27(typescript@5.5.4)
      semver: 7.6.3
      typescript: 5.5.4

  vue@3.4.35(typescript@5.5.4):
    dependencies:
      '@vue/compiler-dom': 3.4.35
      '@vue/compiler-sfc': 3.4.35
      '@vue/runtime-dom': 3.4.35
      '@vue/server-renderer': 3.4.35(vue@3.4.35(typescript@5.5.4))
      '@vue/shared': 3.4.35
    optionalDependencies:
      typescript: 5.5.4

  xstate@5.17.1: {}
