lockfileVersion: 5.3

specifiers:
  '@vitejs/plugin-vue': ^1.2.3
  '@vue/compiler-sfc': ^3.0.5
  '@xstate/vue': ^0.5.0
  typescript: ^4.3.2
  vite: ^2.3.7
  vue: ^3.0.5
  vue-tsc: ^0.0.24
  xstate: ^4.20.0

dependencies:
  '@xstate/vue': 0.5.0_vue@3.1.1+xstate@4.20.0
  vue: 3.1.1
  xstate: 4.20.0

devDependencies:
  '@vitejs/plugin-vue': 1.2.3_@vue+compiler-sfc@3.1.1
  '@vue/compiler-sfc': 3.1.1_vue@3.1.1
  typescript: 4.3.4
  vite: 2.3.8
  vue-tsc: 0.0.24

packages:

  /@babel/helper-validator-identifier/7.14.5:
    resolution: {integrity: sha512-5lsetuxCLilmVGyiLEfoHBRX8UCFD+1m2x3Rj97WrW3V7H3u4RWRXA4evMjImCsin2J2YT0QaVDGf+z8ondbAg==}
    engines: {node: '>=6.9.0'}

  /@babel/parser/7.14.7:
    resolution: {integrity: sha512-X67Z5y+VBJuHB/RjwECp8kSl5uYi0BvRbNeWqkaJCVh+LiTPl19WBUfG627psSgp9rSf6ojuXghQM3ha6qHHdA==}
    engines: {node: '>=6.0.0'}
    hasBin: true

  /@babel/types/7.14.5:
    resolution: {integrity: sha512-M/NzBpEL95I5Hh4dwhin5JlE7EzO5PHMAuzjxss3tiOBD46KfQvVedN/3jEPZvdRvtsK2222XfdHogNIttFgcg==}
    engines: {node: '>=6.9.0'}
    dependencies:
      '@babel/helper-validator-identifier': 7.14.5
      to-fast-properties: 2.0.0

  /@vitejs/plugin-vue/1.2.3_@vue+compiler-sfc@3.1.1:
    resolution: {integrity: sha512-LlnLpObkGKZ+b7dcpL4T24l13nPSHLjo+6Oc7MbZiKz5PMAUzADfNJ3EKfYIQ0l0969nxf2jp/9vsfnuJ7h6fw==}
    engines: {node: '>=12.0.0'}
    peerDependencies:
      '@vue/compiler-sfc': ^3.0.8
    dependencies:
      '@vue/compiler-sfc': 3.1.1_vue@3.1.1
    dev: true

  /@vue/compiler-core/3.1.1:
    resolution: {integrity: sha512-Z1RO3T6AEtAUFf2EqqovFm3ohAeTvFzRtB0qUENW2nEerJfdlk13/LS1a0EgsqlzxmYfR/S/S/gW9PLbFZZxkA==}
    dependencies:
      '@babel/parser': 7.14.7
      '@babel/types': 7.14.5
      '@vue/shared': 3.1.1
      estree-walker: 2.0.2
      source-map: 0.6.1

  /@vue/compiler-dom/3.1.1:
    resolution: {integrity: sha512-nobRIo0t5ibzg+q8nC31m+aJhbq8FbWUoKvk6h3Vs1EqTDJaj6lBTcVTq5or8AYht7FbSpdAJ81isbJ1rWNX7A==}
    dependencies:
      '@vue/compiler-core': 3.1.1
      '@vue/shared': 3.1.1

  /@vue/compiler-sfc/3.1.1_vue@3.1.1:
    resolution: {integrity: sha512-lSgMsZaYHF+bAgryq5aUqpvyfhu52GJI2/4LoiJCE5uaxc6FCZfxfgqgw/d9ltiZghv+HiISFtmQVAVvlsk+/w==}
    peerDependencies:
      vue: 3.1.1
    dependencies:
      '@babel/parser': 7.14.7
      '@babel/types': 7.14.5
      '@vue/compiler-core': 3.1.1
      '@vue/compiler-dom': 3.1.1
      '@vue/compiler-ssr': 3.1.1
      '@vue/shared': 3.1.1
      consolidate: 0.16.0
      estree-walker: 2.0.2
      hash-sum: 2.0.0
      lru-cache: 5.1.1
      magic-string: 0.25.7
      merge-source-map: 1.1.0
      postcss: 8.3.5
      postcss-modules: 4.1.3_postcss@8.3.5
      postcss-selector-parser: 6.0.6
      source-map: 0.6.1
      vue: 3.1.1
    dev: true

  /@vue/compiler-ssr/3.1.1:
    resolution: {integrity: sha512-7H6krZtVt3h/YzfNp7eYK41hMDz8ZskiBy+Wby+EDRINX6BD9JQ5C8zyy2xAa7T6Iz2VrQzsaJ/Bb52lTPSS5A==}
    dependencies:
      '@vue/compiler-dom': 3.1.1
      '@vue/shared': 3.1.1
    dev: true

  /@vue/reactivity/3.1.1:
    resolution: {integrity: sha512-DsH5woNVCcPK1M0RRYVgJEU1GJDU2ASOKpAqW3ppHk+XjoFLCbqc/26RTCgTpJYd9z8VN+79Q1u7/QqgQPbuLQ==}
    dependencies:
      '@vue/shared': 3.1.1
    dev: false

  /@vue/runtime-core/3.1.1:
    resolution: {integrity: sha512-GboqR02txOtkd9F3Ysd8ltPL68vTCqIx2p/J52/gFtpgb5FG9hvOAPEwFUqxeEJRu7ResvQnmdOHiEycGPCLhQ==}
    dependencies:
      '@vue/reactivity': 3.1.1
      '@vue/shared': 3.1.1
    dev: false

  /@vue/runtime-dom/3.1.1:
    resolution: {integrity: sha512-o57n/199e/BBAmLRMSXmD2r12Old/h/gf6BgL0RON1NT2pwm6MWaMY4Ul55eyq+FsDILz4jR/UgoPQ9vYB8xcw==}
    dependencies:
      '@vue/runtime-core': 3.1.1
      '@vue/shared': 3.1.1
      csstype: 2.6.17
    dev: false

  /@vue/shared/3.1.1:
    resolution: {integrity: sha512-g+4pzAw7PYSjARtLBoDq6DmcblX8i9KJHSCnyM5VDDFFifUaUT9iHbFpOF/KOizQ9f7QAqU2JH3Y6aXjzUMhVA==}

  /@xstate/vue/0.5.0_vue@3.1.1+xstate@4.20.0:
    resolution: {integrity: sha512-xIb7J6piFlxkKunFgGZVbIcCv3Tc/UtQEMD0705zRYuDRyb0woz3MsAweagfsqosIiNlfwA/OStcB4Z6NrcDfg==}
    peerDependencies:
      '@xstate/fsm': ^1.0.0
      vue: ^3.0.0
      xstate: ^4.7.8
    peerDependenciesMeta:
      '@xstate/fsm':
        optional: true
      xstate:
        optional: true
    dependencies:
      vue: 3.1.1
      xstate: 4.20.0
    dev: false

  /balanced-match/1.0.2:
    resolution: {integrity: sha512-3oSeUO0TMV67hN1AmbXsK4yaqU7tjiHlbxRDZOpH0KW9+CeX4bRAaX0Anxt0tx2MrpRpWwQaPwIlISEJhYU5Pw==}
    dev: true

  /big-integer/1.6.48:
    resolution: {integrity: sha512-j51egjPa7/i+RdiRuJbPdJ2FIUYYPhvYLjzoYbcMMm62ooO6F94fETG4MTs46zPAF9Brs04OajboA/qTGuz78w==}
    engines: {node: '>=0.6'}
    dev: true

  /big.js/5.2.2:
    resolution: {integrity: sha512-vyL2OymJxmarO8gxMr0mhChsO9QGwhynfuu4+MHTAW6czfq9humCB7rKpUjDd9YUiDPU4mzpyupFSvOClAwbmQ==}
    dev: true

  /binary/0.3.0:
    resolution: {integrity: sha1-n2BVO8XOjDOG87VTz/R0Yq3sqnk=}
    dependencies:
      buffers: 0.1.1
      chainsaw: 0.1.0
    dev: true

  /bluebird/3.4.7:
    resolution: {integrity: sha1-9y12C+Cbf3bQjtj66Ysomo0F+rM=}
    dev: true

  /bluebird/3.7.2:
    resolution: {integrity: sha512-XpNj6GDQzdfW+r2Wnn7xiSAd7TM3jzkxGXBGTtWKuSXv1xUV+azxAm8jdWZN06QTQk+2N2XB9jRDkvbmQmcRtg==}
    dev: true

  /brace-expansion/1.1.11:
    resolution: {integrity: sha512-iCuPHDFgrHX7H2vEI/5xpz07zSHB00TpugqhmYtVmMO6518mCuRMoOYFldEBl0g187ufozdaHgWKcYFb61qGiA==}
    dependencies:
      balanced-match: 1.0.2
      concat-map: 0.0.1
    dev: true

  /buffer-indexof-polyfill/1.0.2:
    resolution: {integrity: sha512-I7wzHwA3t1/lwXQh+A5PbNvJxgfo5r3xulgpYDB5zckTu/Z9oUK9biouBKQUjEqzaz3HnAT6TYoovmE+GqSf7A==}
    engines: {node: '>=0.10'}
    dev: true

  /buffers/0.1.1:
    resolution: {integrity: sha1-skV5w77U1tOWru5tmorn9Ugqt7s=}
    engines: {node: '>=0.2.0'}
    dev: true

  /chainsaw/0.1.0:
    resolution: {integrity: sha1-XqtQsor+WAdNDVgpE4iCi15fvJg=}
    dependencies:
      traverse: 0.3.9
    dev: true

  /colorette/1.2.2:
    resolution: {integrity: sha512-MKGMzyfeuutC/ZJ1cba9NqcNpfeqMUcYmyF1ZFY6/Cn7CNSAKx6a+s48sqLqyAiZuaP2TcqMhoo+dlwFnVxT9w==}
    dev: true

  /concat-map/0.0.1:
    resolution: {integrity: sha1-2Klr13/Wjfd5OnMDajug1UBdR3s=}
    dev: true

  /consolidate/0.16.0:
    resolution: {integrity: sha512-Nhl1wzCslqXYTJVDyJCu3ODohy9OfBMB5uD2BiBTzd7w+QY0lBzafkR8y8755yMYHAaMD4NuzbAw03/xzfw+eQ==}
    engines: {node: '>= 0.10.0'}
    dependencies:
      bluebird: 3.7.2
    dev: true

  /core-util-is/1.0.2:
    resolution: {integrity: sha1-tf1UIgqivFq1eqtxQMlAdUUDwac=}
    dev: true

  /cssesc/3.0.0:
    resolution: {integrity: sha512-/Tb/JcjK111nNScGob5MNtsntNM1aCNUDipB/TkwZFhyDrrE47SOx/18wF2bbjgc3ZzCSKW1T5nt5EbFoAz/Vg==}
    engines: {node: '>=4'}
    hasBin: true
    dev: true

  /csstype/2.6.17:
    resolution: {integrity: sha512-u1wmTI1jJGzCJzWndZo8mk4wnPTZd1eOIYTYvuEyOQGfmDl3TrabCCfKnOC86FZwW/9djqTl933UF/cS425i9A==}
    dev: false

  /duplexer2/0.1.4:
    resolution: {integrity: sha1-ixLauHjA1p4+eJEFFmKjL8a93ME=}
    dependencies:
      readable-stream: 2.3.7
    dev: true

  /emojis-list/3.0.0:
    resolution: {integrity: sha512-/kyM18EfinwXZbno9FyUGeFh87KC8HRQBQGildHZbEuRyWFOmv1U10o9BBp8XVZDVNNuQKyIGIu5ZYAAXJ0V2Q==}
    engines: {node: '>= 4'}
    dev: true

  /esbuild/0.12.9:
    resolution: {integrity: sha512-MWRhAbMOJ9RJygCrt778rz/qNYgA4ZVj6aXnNPxFjs7PmIpb0fuB9Gmg5uWrr6n++XKwwm/RmSz6RR5JL2Ocsw==}
    hasBin: true
    requiresBuild: true
    dev: true

  /estree-walker/2.0.2:
    resolution: {integrity: sha512-Rfkk/Mp/DL7JVje3u18FxFujQlTNR2q6QfMSMB7AvCBx91NGj/ba3kCfza0f6dVDbw7YlRf/nDrn7pQrCCyQ/w==}

  /fs.realpath/1.0.0:
    resolution: {integrity: sha1-FQStJSMVjKpA20onh8sBQRmU6k8=}
    dev: true

  /fsevents/2.3.2:
    resolution: {integrity: sha512-xiqMQR4xAeHTuB9uWm+fFRcIOgKBMiOBP+eXiyT7jsgVCq1bkVygt00oASowB7EdtpOHaaPgKt812P9ab+DDKA==}
    engines: {node: ^8.16.0 || ^10.6.0 || >=11.0.0}
    os: [darwin]
    dev: true
    optional: true

  /fstream/1.0.12:
    resolution: {integrity: sha512-WvJ193OHa0GHPEL+AycEJgxvBEwyfRkN1vhjca23OaPVMCaLCXTd5qAu82AjTcgP1UJmytkOKb63Ypde7raDIg==}
    engines: {node: '>=0.6'}
    dependencies:
      graceful-fs: 4.2.6
      inherits: 2.0.4
      mkdirp: 0.5.5
      rimraf: 2.7.1
    dev: true

  /function-bind/1.1.1:
    resolution: {integrity: sha512-yIovAzMX49sF8Yl58fSCWJ5svSLuaibPxXQJFLmBObTuCr0Mf1KiPopGM9NiFjiYBCbfaa2Fh6breQ6ANVTI0A==}
    dev: true

  /generic-names/2.0.1:
    resolution: {integrity: sha512-kPCHWa1m9wGG/OwQpeweTwM/PYiQLrUIxXbt/P4Nic3LbGjCP0YwrALHW1uNLKZ0LIMg+RF+XRlj2ekT9ZlZAQ==}
    dependencies:
      loader-utils: 1.4.0
    dev: true

  /glob/7.1.7:
    resolution: {integrity: sha512-OvD9ENzPLbegENnYP5UUfJIirTg4+XwMWGaQfQTY0JenxNvvIKP3U3/tAQSPIu/lHxXYSZmpXlUHeqAIdKzBLQ==}
    dependencies:
      fs.realpath: 1.0.0
      inflight: 1.0.6
      inherits: 2.0.4
      minimatch: 3.0.4
      once: 1.4.0
      path-is-absolute: 1.0.1
    dev: true

  /graceful-fs/4.2.6:
    resolution: {integrity: sha512-nTnJ528pbqxYanhpDYsi4Rd8MAeaBA67+RZ10CM1m3bTAVFEDcd5AuA4a6W5YkGZ1iNXHzZz8T6TBKLeBuNriQ==}
    dev: true

  /has/1.0.3:
    resolution: {integrity: sha512-f2dvO0VU6Oej7RkWJGrehjbzMAjFp5/VKPp5tTpWIV4JHHZK1/BxbFRtf/siA2SWTe09caDmVtYYzWEIbBS4zw==}
    engines: {node: '>= 0.4.0'}
    dependencies:
      function-bind: 1.1.1
    dev: true

  /hash-sum/2.0.0:
    resolution: {integrity: sha512-WdZTbAByD+pHfl/g9QSsBIIwy8IT+EsPiKDs0KNX+zSHhdDLFKdZu0BQHljvO+0QI/BasbMSUa8wYNCZTvhslg==}
    dev: true

  /icss-replace-symbols/1.1.0:
    resolution: {integrity: sha1-Bupvg2ead0njhs/h/oEq5dsiPe0=}
    dev: true

  /icss-utils/5.1.0_postcss@8.3.5:
    resolution: {integrity: sha512-soFhflCVWLfRNOPU3iv5Z9VUdT44xFRbzjLsEzSr5AQmgqPMTHdU3PMT1Cf1ssx8fLNJDA1juftYl+PUcv3MqA==}
    engines: {node: ^10 || ^12 || >= 14}
    peerDependencies:
      postcss: ^8.1.0
    dependencies:
      postcss: 8.3.5
    dev: true

  /inflight/1.0.6:
    resolution: {integrity: sha1-Sb1jMdfQLQwJvJEKEHW6gWW1bfk=}
    dependencies:
      once: 1.4.0
      wrappy: 1.0.2
    dev: true

  /inherits/2.0.4:
    resolution: {integrity: sha512-k/vGaX4/Yla3WzyMCvTQOXYeIHvqOKtnqBduzTHpzpQZzAskKMhZ2K+EnBiSM9zGSoIFeMpXKxa4dYeZIQqewQ==}
    dev: true

  /is-core-module/2.4.0:
    resolution: {integrity: sha512-6A2fkfq1rfeQZjxrZJGerpLCTHRNEBiSgnu0+obeJpEPZRUooHgsizvzv0ZjJwOz3iWIHdJtVWJ/tmPr3D21/A==}
    dependencies:
      has: 1.0.3
    dev: true

  /isarray/1.0.0:
    resolution: {integrity: sha1-u5NdSFgsuhaMBoNJV6VKPgcSTxE=}
    dev: true

  /json5/1.0.1:
    resolution: {integrity: sha512-aKS4WQjPenRxiQsC93MNfjx+nbF4PAdYzmd/1JIj8HYzqfbu86beTuNgXDzPknWk0n0uARlyewZo4s++ES36Ow==}
    hasBin: true
    dependencies:
      minimist: 1.2.5
    dev: true

  /listenercount/1.0.1:
    resolution: {integrity: sha1-hMinKrWcRyUyFIDJdeZQg0LnCTc=}
    dev: true

  /loader-utils/1.4.0:
    resolution: {integrity: sha512-qH0WSMBtn/oHuwjy/NucEgbx5dbxxnxup9s4PVXJUDHZBQY+s0NWA9rJf53RBnQZxfch7euUui7hpoAPvALZdA==}
    engines: {node: '>=4.0.0'}
    dependencies:
      big.js: 5.2.2
      emojis-list: 3.0.0
      json5: 1.0.1
    dev: true

  /lodash.camelcase/4.3.0:
    resolution: {integrity: sha1-soqmKIorn8ZRA1x3EfZathkDMaY=}
    dev: true

  /lru-cache/5.1.1:
    resolution: {integrity: sha512-KpNARQA3Iwv+jTA0utUVVbrh+Jlrr1Fv0e56GGzAFOXN7dk/FviaDW8LHmK52DlcH4WP2n6gI8vN1aesBFgo9w==}
    dependencies:
      yallist: 3.1.1
    dev: true

  /magic-string/0.25.7:
    resolution: {integrity: sha512-4CrMT5DOHTDk4HYDlzmwu4FVCcIYI8gauveasrdCu2IKIFOJ3f0v/8MDGJCDL9oD2ppz/Av1b0Nj345H9M+XIA==}
    dependencies:
      sourcemap-codec: 1.4.8
    dev: true

  /merge-source-map/1.1.0:
    resolution: {integrity: sha512-Qkcp7P2ygktpMPh2mCQZaf3jhN6D3Z/qVZHSdWvQ+2Ef5HgRAPBO57A77+ENm0CPx2+1Ce/MYKi3ymqdfuqibw==}
    dependencies:
      source-map: 0.6.1
    dev: true

  /minimatch/3.0.4:
    resolution: {integrity: sha512-yJHVQEhyqPLUTgt9B83PXu6W3rx4MvvHvSUvToogpwoGDOUQ+yDrR0HRot+yOCdCO7u4hX3pWft6kWBBcqh0UA==}
    dependencies:
      brace-expansion: 1.1.11
    dev: true

  /minimist/1.2.5:
    resolution: {integrity: sha512-FM9nNUYrRBAELZQT3xeZQ7fmMOBg6nWNmJKTcgsJeaLstP/UODVpGsr5OhXhhXg6f+qtJ8uiZ+PUxkDWcgIXLw==}
    dev: true

  /mkdirp/0.5.5:
    resolution: {integrity: sha512-NKmAlESf6jMGym1++R0Ra7wvhV+wFW63FaSOFPwRahvea0gMUcGUhVeAg/0BC0wiv9ih5NYPB1Wn1UEI1/L+xQ==}
    hasBin: true
    dependencies:
      minimist: 1.2.5
    dev: true

  /nanoid/3.1.23:
    resolution: {integrity: sha512-FiB0kzdP0FFVGDKlRLEQ1BgDzU87dy5NnzjeW9YZNt+/c3+q82EQDUwniSAUxp/F0gFNI1ZhKU1FqYsMuqZVnw==}
    engines: {node: ^10 || ^12 || ^13.7 || ^14 || >=15.0.1}
    hasBin: true
    dev: true

  /once/1.4.0:
    resolution: {integrity: sha1-WDsap3WWHUsROsF9nFC6753Xa9E=}
    dependencies:
      wrappy: 1.0.2
    dev: true

  /path-is-absolute/1.0.1:
    resolution: {integrity: sha1-F0uSaHNVNP+8es5r9TpanhtcX18=}
    engines: {node: '>=0.10.0'}
    dev: true

  /path-parse/1.0.7:
    resolution: {integrity: sha512-LDJzPVEEEPR+y48z93A0Ed0yXb8pAByGWo/k5YYdYgpY2/2EsOsksJrq7lOHxryrVOn1ejG6oAp8ahvOIQD8sw==}
    dev: true

  /postcss-modules-extract-imports/3.0.0_postcss@8.3.5:
    resolution: {integrity: sha512-bdHleFnP3kZ4NYDhuGlVK+CMrQ/pqUm8bx/oGL93K6gVwiclvX5x0n76fYMKuIGKzlABOy13zsvqjb0f92TEXw==}
    engines: {node: ^10 || ^12 || >= 14}
    peerDependencies:
      postcss: ^8.1.0
    dependencies:
      postcss: 8.3.5
    dev: true

  /postcss-modules-local-by-default/4.0.0_postcss@8.3.5:
    resolution: {integrity: sha512-sT7ihtmGSF9yhm6ggikHdV0hlziDTX7oFoXtuVWeDd3hHObNkcHRo9V3yg7vCAY7cONyxJC/XXCmmiHHcvX7bQ==}
    engines: {node: ^10 || ^12 || >= 14}
    peerDependencies:
      postcss: ^8.1.0
    dependencies:
      icss-utils: 5.1.0_postcss@8.3.5
      postcss: 8.3.5
      postcss-selector-parser: 6.0.6
      postcss-value-parser: 4.1.0
    dev: true

  /postcss-modules-scope/3.0.0_postcss@8.3.5:
    resolution: {integrity: sha512-hncihwFA2yPath8oZ15PZqvWGkWf+XUfQgUGamS4LqoP1anQLOsOJw0vr7J7IwLpoY9fatA2qiGUGmuZL0Iqlg==}
    engines: {node: ^10 || ^12 || >= 14}
    peerDependencies:
      postcss: ^8.1.0
    dependencies:
      postcss: 8.3.5
      postcss-selector-parser: 6.0.6
    dev: true

  /postcss-modules-values/4.0.0_postcss@8.3.5:
    resolution: {integrity: sha512-RDxHkAiEGI78gS2ofyvCsu7iycRv7oqw5xMWn9iMoR0N/7mf9D50ecQqUo5BZ9Zh2vH4bCUR/ktCqbB9m8vJjQ==}
    engines: {node: ^10 || ^12 || >= 14}
    peerDependencies:
      postcss: ^8.1.0
    dependencies:
      icss-utils: 5.1.0_postcss@8.3.5
      postcss: 8.3.5
    dev: true

  /postcss-modules/4.1.3_postcss@8.3.5:
    resolution: {integrity: sha512-dBT39hrXe4OAVYJe/2ZuIZ9BzYhOe7t+IhedYeQ2OxKwDpAGlkEN/fR0fGnrbx4BvgbMReRX4hCubYK9cE/pJQ==}
    peerDependencies:
      postcss: ^8.0.0
    dependencies:
      generic-names: 2.0.1
      icss-replace-symbols: 1.1.0
      lodash.camelcase: 4.3.0
      postcss: 8.3.5
      postcss-modules-extract-imports: 3.0.0_postcss@8.3.5
      postcss-modules-local-by-default: 4.0.0_postcss@8.3.5
      postcss-modules-scope: 3.0.0_postcss@8.3.5
      postcss-modules-values: 4.0.0_postcss@8.3.5
      string-hash: 1.1.3
    dev: true

  /postcss-selector-parser/6.0.6:
    resolution: {integrity: sha512-9LXrvaaX3+mcv5xkg5kFwqSzSH1JIObIx51PrndZwlmznwXRfxMddDvo9gve3gVR8ZTKgoFDdWkbRFmEhT4PMg==}
    engines: {node: '>=4'}
    dependencies:
      cssesc: 3.0.0
      util-deprecate: 1.0.2
    dev: true

  /postcss-value-parser/4.1.0:
    resolution: {integrity: sha512-97DXOFbQJhk71ne5/Mt6cOu6yxsSfM0QGQyl0L25Gca4yGWEGJaig7l7gbCX623VqTBNGLRLaVUCnNkcedlRSQ==}
    dev: true

  /postcss/8.3.5:
    resolution: {integrity: sha512-NxTuJocUhYGsMiMFHDUkmjSKT3EdH4/WbGF6GCi1NDGk+vbcUTun4fpbOqaPtD8IIsztA2ilZm2DhYCuyN58gA==}
    engines: {node: ^10 || ^12 || >=14}
    dependencies:
      colorette: 1.2.2
      nanoid: 3.1.23
      source-map-js: 0.6.2
    dev: true

  /process-nextick-args/2.0.1:
    resolution: {integrity: sha512-3ouUOpQhtgrbOa17J7+uxOTpITYWaGP7/AhoR3+A+/1e9skrzelGi/dXzEYyvbxubEF6Wn2ypscTKiKJFFn1ag==}
    dev: true

  /readable-stream/2.3.7:
    resolution: {integrity: sha512-Ebho8K4jIbHAxnuxi7o42OrZgF/ZTNcsZj6nRKyUmkhLFq8CHItp/fy6hQZuZmP/n3yZ9VBUbp4zz/mX8hmYPw==}
    dependencies:
      core-util-is: 1.0.2
      inherits: 2.0.4
      isarray: 1.0.0
      process-nextick-args: 2.0.1
      safe-buffer: 5.1.2
      string_decoder: 1.1.1
      util-deprecate: 1.0.2
    dev: true

  /resolve/1.20.0:
    resolution: {integrity: sha512-wENBPt4ySzg4ybFQW2TT1zMQucPK95HSh/nq2CFTZVOGut2+pQvSsgtda4d26YrYcr067wjbmzOG8byDPBX63A==}
    dependencies:
      is-core-module: 2.4.0
      path-parse: 1.0.7
    dev: true

  /rimraf/2.7.1:
    resolution: {integrity: sha512-uWjbaKIK3T1OSVptzX7Nl6PvQ3qAGtKEtVRjRuazjfL3Bx5eI409VZSqgND+4UNnmzLVdPj9FqFJNPqBZFve4w==}
    hasBin: true
    dependencies:
      glob: 7.1.7
    dev: true

  /rollup/2.52.2:
    resolution: {integrity: sha512-4RlFC3k2BIHlUsJ9mGd8OO+9Lm2eDF5P7+6DNQOp5sx+7N/1tFM01kELfbxlMX3MxT6owvLB1ln4S3QvvQlbUA==}
    engines: {node: '>=10.0.0'}
    hasBin: true
    optionalDependencies:
      fsevents: 2.3.2
    dev: true

  /safe-buffer/5.1.2:
    resolution: {integrity: sha512-Gd2UZBJDkXlY7GbJxfsE8/nvKkUEU1G38c1siN6QP6a9PT9MmHB8GnpscSmMJSoF8LOIrt8ud/wPtojys4G6+g==}
    dev: true

  /setimmediate/1.0.5:
    resolution: {integrity: sha1-KQy7Iy4waULX1+qbg3Mqt4VvgoU=}
    dev: true

  /source-map-js/0.6.2:
    resolution: {integrity: sha512-/3GptzWzu0+0MBQFrDKzw/DvvMTUORvgY6k6jd/VS6iCR4RDTKWH6v6WPwQoUO8667uQEf9Oe38DxAYWY5F/Ug==}
    engines: {node: '>=0.10.0'}
    dev: true

  /source-map/0.6.1:
    resolution: {integrity: sha512-UjgapumWlbMhkBgzT7Ykc5YXUT46F0iKu8SGXq0bcwP5dz/h0Plj6enJqjz1Zbq2l5WaqYnrVbwWOWMyF3F47g==}
    engines: {node: '>=0.10.0'}

  /sourcemap-codec/1.4.8:
    resolution: {integrity: sha512-9NykojV5Uih4lgo5So5dtw+f0JgJX30KCNI8gwhz2J9A15wD0Ml6tjHKwf6fTSa6fAdVBdZeNOs9eJ71qCk8vA==}
    dev: true

  /string-hash/1.1.3:
    resolution: {integrity: sha1-6Kr8CsGFW0Zmkp7X3RJ1311sgRs=}
    dev: true

  /string_decoder/1.1.1:
    resolution: {integrity: sha512-n/ShnvDi6FHbbVfviro+WojiFzv+s8MPMHBczVePfUpDJLwoLT0ht1l4YwBCbi8pJAveEEdnkHyPyTP/mzRfwg==}
    dependencies:
      safe-buffer: 5.1.2
    dev: true

  /to-fast-properties/2.0.0:
    resolution: {integrity: sha1-3F5pjL0HkmW8c+A3doGk5Og/YW4=}
    engines: {node: '>=4'}

  /traverse/0.3.9:
    resolution: {integrity: sha1-cXuPIgzAu3tE5AUUwisui7xw2Lk=}
    dev: true

  /typescript/4.3.4:
    resolution: {integrity: sha512-uauPG7XZn9F/mo+7MrsRjyvbxFpzemRjKEZXS4AK83oP2KKOJPvb+9cO/gmnv8arWZvhnjVOXz7B49m1l0e9Ew==}
    engines: {node: '>=4.2.0'}
    hasBin: true
    dev: true

  /unzipper/0.10.11:
    resolution: {integrity: sha512-+BrAq2oFqWod5IESRjL3S8baohbevGcVA+teAIOYWM3pDVdseogqbzhhvvmiyQrUNKFUnDMtELW3X8ykbyDCJw==}
    dependencies:
      big-integer: 1.6.48
      binary: 0.3.0
      bluebird: 3.4.7
      buffer-indexof-polyfill: 1.0.2
      duplexer2: 0.1.4
      fstream: 1.0.12
      graceful-fs: 4.2.6
      listenercount: 1.0.1
      readable-stream: 2.3.7
      setimmediate: 1.0.5
    dev: true

  /util-deprecate/1.0.2:
    resolution: {integrity: sha1-RQ1Nyfpw3nMnYvvS1KKJgUGaDM8=}
    dev: true

  /vite/2.3.8:
    resolution: {integrity: sha512-QiEx+iqNnJntSgSF2fWRQvRey9pORIrtNJzNyBJXwc+BdzWs83FQolX84cTBo393cfhObrtWa6180dAa4NLDiQ==}
    engines: {node: '>=12.0.0'}
    hasBin: true
    dependencies:
      esbuild: 0.12.9
      postcss: 8.3.5
      resolve: 1.20.0
      rollup: 2.52.2
    optionalDependencies:
      fsevents: 2.3.2
    dev: true

  /vue-tsc/0.0.24:
    resolution: {integrity: sha512-Qx0V7jkWMtvddtaWa1SA8YKkBCRmjq9zZUB2UIMZiso6JSH538oHD2VumSzkoDnAfFbY3t0/j1mB2abpA0bGWA==}
    hasBin: true
    dependencies:
      unzipper: 0.10.11
    dev: true

  /vue/3.1.1:
    resolution: {integrity: sha512-j9fj3PNPMxo2eqOKYjMuss9XBS8ZtmczLY3kPvjcp9d3DbhyNqLYbaMQH18+1pDIzzVvQCQBvIf774LsjjqSKA==}
    dependencies:
      '@vue/compiler-dom': 3.1.1
      '@vue/runtime-dom': 3.1.1
      '@vue/shared': 3.1.1
    dev: false

  /wrappy/1.0.2:
    resolution: {integrity: sha1-tSQ9jz7BqjXxNkYFvA0QNuMKtp8=}
    dev: true

  /xstate/4.20.0:
    resolution: {integrity: sha512-u5Ou1CMo/oWApasmv1TYTHgj38k69DJdTqQdBBwt+/ooNhPJQiSIKTB3Y3HvX0h5tulwfSo6xAwZgBgjRsK3LA==}
    dev: false

  /yallist/3.1.1:
    resolution: {integrity: sha512-a4UGQaWPH59mOXUYnAG2ewncQS4i4F43Tv3JoAM+s2VDAmS9NsK8GpDMLrCHPksFT7h3K6TOoUNn2pb7RoXx4g==}
    dev: true
