{
  "name": "@xstate/graph",
  "version": "4.3.2",
  "lockfileVersion": 1,
  "requires": true,
  "dependencies": {
    "xstate": {
      "version": "4.3.2",
      "resolved": "https://registry.npmjs.org/xstate/-/xstate-4.3.2.tgz",
      "integrity": "sha512-xm01SXhV4/LmxTLOOuhQfdWLFXzl/6fi3DEY6P1WxnuCDJZ/NsSvSggNmKddOTKgGXJgA/5aWxFturJsExV9cw=="
    }
  }
}
