lockfileVersion: '6.0'

dependencies:
  xstate:
    specifier: ^5.4.1
    version: registry.npmjs.org/xstate@5.4.1

devDependencies:
  typescript:
    specifier: ^5.3.3
    version: registry.npmjs.org/typescript@5.3.3
  vite:
    specifier: ^5.0.10
    version: registry.npmjs.org/vite@5.0.10

packages:

  registry.npmjs.org/@esbuild/aix-ppc64@0.19.10:
    resolution: {integrity: sha512-Q+mk96KJ+FZ30h9fsJl+67IjNJm3x2eX+GBWGmocAKgzp27cowCOOqSdscX80s0SpdFXZnIv/+1xD1EctFx96Q==, registry: https://registry.npmjs.com/, tarball: https://registry.npmjs.org/@esbuild/aix-ppc64/-/aix-ppc64-0.19.10.tgz}
    name: '@esbuild/aix-ppc64'
    version: 0.19.10
    engines: {node: '>=12'}
    cpu: [ppc64]
    os: [aix]
    requiresBuild: true
    dev: true
    optional: true

  registry.npmjs.org/@esbuild/android-arm64@0.19.10:
    resolution: {integrity: sha512-1X4CClKhDgC3by7k8aOWZeBXQX8dHT5QAMCAQDArCLaYfkppoARvh0fit3X2Qs+MXDngKcHv6XXyQCpY0hkK1Q==, registry: https://registry.npmjs.com/, tarball: https://registry.npmjs.org/@esbuild/android-arm64/-/android-arm64-0.19.10.tgz}
    name: '@esbuild/android-arm64'
    version: 0.19.10
    engines: {node: '>=12'}
    cpu: [arm64]
    os: [android]
    requiresBuild: true
    dev: true
    optional: true

  registry.npmjs.org/@esbuild/android-arm@0.19.10:
    resolution: {integrity: sha512-7W0bK7qfkw1fc2viBfrtAEkDKHatYfHzr/jKAHNr9BvkYDXPcC6bodtm8AyLJNNuqClLNaeTLuwURt4PRT9d7w==, registry: https://registry.npmjs.com/, tarball: https://registry.npmjs.org/@esbuild/android-arm/-/android-arm-0.19.10.tgz}
    name: '@esbuild/android-arm'
    version: 0.19.10
    engines: {node: '>=12'}
    cpu: [arm]
    os: [android]
    requiresBuild: true
    dev: true
    optional: true

  registry.npmjs.org/@esbuild/android-x64@0.19.10:
    resolution: {integrity: sha512-O/nO/g+/7NlitUxETkUv/IvADKuZXyH4BHf/g/7laqKC4i/7whLpB0gvpPc2zpF0q9Q6FXS3TS75QHac9MvVWw==, registry: https://registry.npmjs.com/, tarball: https://registry.npmjs.org/@esbuild/android-x64/-/android-x64-0.19.10.tgz}
    name: '@esbuild/android-x64'
    version: 0.19.10
    engines: {node: '>=12'}
    cpu: [x64]
    os: [android]
    requiresBuild: true
    dev: true
    optional: true

  registry.npmjs.org/@esbuild/darwin-arm64@0.19.10:
    resolution: {integrity: sha512-YSRRs2zOpwypck+6GL3wGXx2gNP7DXzetmo5pHXLrY/VIMsS59yKfjPizQ4lLt5vEI80M41gjm2BxrGZ5U+VMA==, registry: https://registry.npmjs.com/, tarball: https://registry.npmjs.org/@esbuild/darwin-arm64/-/darwin-arm64-0.19.10.tgz}
    name: '@esbuild/darwin-arm64'
    version: 0.19.10
    engines: {node: '>=12'}
    cpu: [arm64]
    os: [darwin]
    requiresBuild: true
    dev: true
    optional: true

  registry.npmjs.org/@esbuild/darwin-x64@0.19.10:
    resolution: {integrity: sha512-alfGtT+IEICKtNE54hbvPg13xGBe4GkVxyGWtzr+yHO7HIiRJppPDhOKq3zstTcVf8msXb/t4eavW3jCDpMSmA==, registry: https://registry.npmjs.com/, tarball: https://registry.npmjs.org/@esbuild/darwin-x64/-/darwin-x64-0.19.10.tgz}
    name: '@esbuild/darwin-x64'
    version: 0.19.10
    engines: {node: '>=12'}
    cpu: [x64]
    os: [darwin]
    requiresBuild: true
    dev: true
    optional: true

  registry.npmjs.org/@esbuild/freebsd-arm64@0.19.10:
    resolution: {integrity: sha512-dMtk1wc7FSH8CCkE854GyGuNKCewlh+7heYP/sclpOG6Cectzk14qdUIY5CrKDbkA/OczXq9WesqnPl09mj5dg==, registry: https://registry.npmjs.com/, tarball: https://registry.npmjs.org/@esbuild/freebsd-arm64/-/freebsd-arm64-0.19.10.tgz}
    name: '@esbuild/freebsd-arm64'
    version: 0.19.10
    engines: {node: '>=12'}
    cpu: [arm64]
    os: [freebsd]
    requiresBuild: true
    dev: true
    optional: true

  registry.npmjs.org/@esbuild/freebsd-x64@0.19.10:
    resolution: {integrity: sha512-G5UPPspryHu1T3uX8WiOEUa6q6OlQh6gNl4CO4Iw5PS+Kg5bVggVFehzXBJY6X6RSOMS8iXDv2330VzaObm4Ag==, registry: https://registry.npmjs.com/, tarball: https://registry.npmjs.org/@esbuild/freebsd-x64/-/freebsd-x64-0.19.10.tgz}
    name: '@esbuild/freebsd-x64'
    version: 0.19.10
    engines: {node: '>=12'}
    cpu: [x64]
    os: [freebsd]
    requiresBuild: true
    dev: true
    optional: true

  registry.npmjs.org/@esbuild/linux-arm64@0.19.10:
    resolution: {integrity: sha512-QxaouHWZ+2KWEj7cGJmvTIHVALfhpGxo3WLmlYfJ+dA5fJB6lDEIg+oe/0//FuyVHuS3l79/wyBxbHr0NgtxJQ==, registry: https://registry.npmjs.com/, tarball: https://registry.npmjs.org/@esbuild/linux-arm64/-/linux-arm64-0.19.10.tgz}
    name: '@esbuild/linux-arm64'
    version: 0.19.10
    engines: {node: '>=12'}
    cpu: [arm64]
    os: [linux]
    requiresBuild: true
    dev: true
    optional: true

  registry.npmjs.org/@esbuild/linux-arm@0.19.10:
    resolution: {integrity: sha512-j6gUW5aAaPgD416Hk9FHxn27On28H4eVI9rJ4az7oCGTFW48+LcgNDBN+9f8rKZz7EEowo889CPKyeaD0iw9Kg==, registry: https://registry.npmjs.com/, tarball: https://registry.npmjs.org/@esbuild/linux-arm/-/linux-arm-0.19.10.tgz}
    name: '@esbuild/linux-arm'
    version: 0.19.10
    engines: {node: '>=12'}
    cpu: [arm]
    os: [linux]
    requiresBuild: true
    dev: true
    optional: true

  registry.npmjs.org/@esbuild/linux-ia32@0.19.10:
    resolution: {integrity: sha512-4ub1YwXxYjj9h1UIZs2hYbnTZBtenPw5NfXCRgEkGb0b6OJ2gpkMvDqRDYIDRjRdWSe/TBiZltm3Y3Q8SN1xNg==, registry: https://registry.npmjs.com/, tarball: https://registry.npmjs.org/@esbuild/linux-ia32/-/linux-ia32-0.19.10.tgz}
    name: '@esbuild/linux-ia32'
    version: 0.19.10
    engines: {node: '>=12'}
    cpu: [ia32]
    os: [linux]
    requiresBuild: true
    dev: true
    optional: true

  registry.npmjs.org/@esbuild/linux-loong64@0.19.10:
    resolution: {integrity: sha512-lo3I9k+mbEKoxtoIbM0yC/MZ1i2wM0cIeOejlVdZ3D86LAcFXFRdeuZmh91QJvUTW51bOK5W2BznGNIl4+mDaA==, registry: https://registry.npmjs.com/, tarball: https://registry.npmjs.org/@esbuild/linux-loong64/-/linux-loong64-0.19.10.tgz}
    name: '@esbuild/linux-loong64'
    version: 0.19.10
    engines: {node: '>=12'}
    cpu: [loong64]
    os: [linux]
    requiresBuild: true
    dev: true
    optional: true

  registry.npmjs.org/@esbuild/linux-mips64el@0.19.10:
    resolution: {integrity: sha512-J4gH3zhHNbdZN0Bcr1QUGVNkHTdpijgx5VMxeetSk6ntdt+vR1DqGmHxQYHRmNb77tP6GVvD+K0NyO4xjd7y4A==, registry: https://registry.npmjs.com/, tarball: https://registry.npmjs.org/@esbuild/linux-mips64el/-/linux-mips64el-0.19.10.tgz}
    name: '@esbuild/linux-mips64el'
    version: 0.19.10
    engines: {node: '>=12'}
    cpu: [mips64el]
    os: [linux]
    requiresBuild: true
    dev: true
    optional: true

  registry.npmjs.org/@esbuild/linux-ppc64@0.19.10:
    resolution: {integrity: sha512-tgT/7u+QhV6ge8wFMzaklOY7KqiyitgT1AUHMApau32ZlvTB/+efeCtMk4eXS+uEymYK249JsoiklZN64xt6oQ==, registry: https://registry.npmjs.com/, tarball: https://registry.npmjs.org/@esbuild/linux-ppc64/-/linux-ppc64-0.19.10.tgz}
    name: '@esbuild/linux-ppc64'
    version: 0.19.10
    engines: {node: '>=12'}
    cpu: [ppc64]
    os: [linux]
    requiresBuild: true
    dev: true
    optional: true

  registry.npmjs.org/@esbuild/linux-riscv64@0.19.10:
    resolution: {integrity: sha512-0f/spw0PfBMZBNqtKe5FLzBDGo0SKZKvMl5PHYQr3+eiSscfJ96XEknCe+JoOayybWUFQbcJTrk946i3j9uYZA==, registry: https://registry.npmjs.com/, tarball: https://registry.npmjs.org/@esbuild/linux-riscv64/-/linux-riscv64-0.19.10.tgz}
    name: '@esbuild/linux-riscv64'
    version: 0.19.10
    engines: {node: '>=12'}
    cpu: [riscv64]
    os: [linux]
    requiresBuild: true
    dev: true
    optional: true

  registry.npmjs.org/@esbuild/linux-s390x@0.19.10:
    resolution: {integrity: sha512-pZFe0OeskMHzHa9U38g+z8Yx5FNCLFtUnJtQMpwhS+r4S566aK2ci3t4NCP4tjt6d5j5uo4h7tExZMjeKoehAA==, registry: https://registry.npmjs.com/, tarball: https://registry.npmjs.org/@esbuild/linux-s390x/-/linux-s390x-0.19.10.tgz}
    name: '@esbuild/linux-s390x'
    version: 0.19.10
    engines: {node: '>=12'}
    cpu: [s390x]
    os: [linux]
    requiresBuild: true
    dev: true
    optional: true

  registry.npmjs.org/@esbuild/linux-x64@0.19.10:
    resolution: {integrity: sha512-SpYNEqg/6pZYoc+1zLCjVOYvxfZVZj6w0KROZ3Fje/QrM3nfvT2llI+wmKSrWuX6wmZeTapbarvuNNK/qepSgA==, registry: https://registry.npmjs.com/, tarball: https://registry.npmjs.org/@esbuild/linux-x64/-/linux-x64-0.19.10.tgz}
    name: '@esbuild/linux-x64'
    version: 0.19.10
    engines: {node: '>=12'}
    cpu: [x64]
    os: [linux]
    requiresBuild: true
    dev: true
    optional: true

  registry.npmjs.org/@esbuild/netbsd-x64@0.19.10:
    resolution: {integrity: sha512-ACbZ0vXy9zksNArWlk2c38NdKg25+L9pr/mVaj9SUq6lHZu/35nx2xnQVRGLrC1KKQqJKRIB0q8GspiHI3J80Q==, registry: https://registry.npmjs.com/, tarball: https://registry.npmjs.org/@esbuild/netbsd-x64/-/netbsd-x64-0.19.10.tgz}
    name: '@esbuild/netbsd-x64'
    version: 0.19.10
    engines: {node: '>=12'}
    cpu: [x64]
    os: [netbsd]
    requiresBuild: true
    dev: true
    optional: true

  registry.npmjs.org/@esbuild/openbsd-x64@0.19.10:
    resolution: {integrity: sha512-PxcgvjdSjtgPMiPQrM3pwSaG4kGphP+bLSb+cihuP0LYdZv1epbAIecHVl5sD3npkfYBZ0ZnOjR878I7MdJDFg==, registry: https://registry.npmjs.com/, tarball: https://registry.npmjs.org/@esbuild/openbsd-x64/-/openbsd-x64-0.19.10.tgz}
    name: '@esbuild/openbsd-x64'
    version: 0.19.10
    engines: {node: '>=12'}
    cpu: [x64]
    os: [openbsd]
    requiresBuild: true
    dev: true
    optional: true

  registry.npmjs.org/@esbuild/sunos-x64@0.19.10:
    resolution: {integrity: sha512-ZkIOtrRL8SEJjr+VHjmW0znkPs+oJXhlJbNwfI37rvgeMtk3sxOQevXPXjmAPZPigVTncvFqLMd+uV0IBSEzqA==, registry: https://registry.npmjs.com/, tarball: https://registry.npmjs.org/@esbuild/sunos-x64/-/sunos-x64-0.19.10.tgz}
    name: '@esbuild/sunos-x64'
    version: 0.19.10
    engines: {node: '>=12'}
    cpu: [x64]
    os: [sunos]
    requiresBuild: true
    dev: true
    optional: true

  registry.npmjs.org/@esbuild/win32-arm64@0.19.10:
    resolution: {integrity: sha512-+Sa4oTDbpBfGpl3Hn3XiUe4f8TU2JF7aX8cOfqFYMMjXp6ma6NJDztl5FDG8Ezx0OjwGikIHw+iA54YLDNNVfw==, registry: https://registry.npmjs.com/, tarball: https://registry.npmjs.org/@esbuild/win32-arm64/-/win32-arm64-0.19.10.tgz}
    name: '@esbuild/win32-arm64'
    version: 0.19.10
    engines: {node: '>=12'}
    cpu: [arm64]
    os: [win32]
    requiresBuild: true
    dev: true
    optional: true

  registry.npmjs.org/@esbuild/win32-ia32@0.19.10:
    resolution: {integrity: sha512-EOGVLK1oWMBXgfttJdPHDTiivYSjX6jDNaATeNOaCOFEVcfMjtbx7WVQwPSE1eIfCp/CaSF2nSrDtzc4I9f8TQ==, registry: https://registry.npmjs.com/, tarball: https://registry.npmjs.org/@esbuild/win32-ia32/-/win32-ia32-0.19.10.tgz}
    name: '@esbuild/win32-ia32'
    version: 0.19.10
    engines: {node: '>=12'}
    cpu: [ia32]
    os: [win32]
    requiresBuild: true
    dev: true
    optional: true

  registry.npmjs.org/@esbuild/win32-x64@0.19.10:
    resolution: {integrity: sha512-whqLG6Sc70AbU73fFYvuYzaE4MNMBIlR1Y/IrUeOXFrWHxBEjjbZaQ3IXIQS8wJdAzue2GwYZCjOrgrU1oUHoA==, registry: https://registry.npmjs.com/, tarball: https://registry.npmjs.org/@esbuild/win32-x64/-/win32-x64-0.19.10.tgz}
    name: '@esbuild/win32-x64'
    version: 0.19.10
    engines: {node: '>=12'}
    cpu: [x64]
    os: [win32]
    requiresBuild: true
    dev: true
    optional: true

  registry.npmjs.org/@rollup/rollup-android-arm-eabi@4.9.1:
    resolution: {integrity: sha512-6vMdBZqtq1dVQ4CWdhFwhKZL6E4L1dV6jUjuBvsavvNJSppzi6dLBbuV+3+IyUREaj9ZFvQefnQm28v4OCXlig==, registry: https://registry.npmjs.com/, tarball: https://registry.npmjs.org/@rollup/rollup-android-arm-eabi/-/rollup-android-arm-eabi-4.9.1.tgz}
    name: '@rollup/rollup-android-arm-eabi'
    version: 4.9.1
    cpu: [arm]
    os: [android]
    requiresBuild: true
    dev: true
    optional: true

  registry.npmjs.org/@rollup/rollup-android-arm64@4.9.1:
    resolution: {integrity: sha512-Jto9Fl3YQ9OLsTDWtLFPtaIMSL2kwGyGoVCmPC8Gxvym9TCZm4Sie+cVeblPO66YZsYH8MhBKDMGZ2NDxuk/XQ==, registry: https://registry.npmjs.com/, tarball: https://registry.npmjs.org/@rollup/rollup-android-arm64/-/rollup-android-arm64-4.9.1.tgz}
    name: '@rollup/rollup-android-arm64'
    version: 4.9.1
    cpu: [arm64]
    os: [android]
    requiresBuild: true
    dev: true
    optional: true

  registry.npmjs.org/@rollup/rollup-darwin-arm64@4.9.1:
    resolution: {integrity: sha512-LtYcLNM+bhsaKAIGwVkh5IOWhaZhjTfNOkGzGqdHvhiCUVuJDalvDxEdSnhFzAn+g23wgsycmZk1vbnaibZwwA==, registry: https://registry.npmjs.com/, tarball: https://registry.npmjs.org/@rollup/rollup-darwin-arm64/-/rollup-darwin-arm64-4.9.1.tgz}
    name: '@rollup/rollup-darwin-arm64'
    version: 4.9.1
    cpu: [arm64]
    os: [darwin]
    requiresBuild: true
    dev: true
    optional: true

  registry.npmjs.org/@rollup/rollup-darwin-x64@4.9.1:
    resolution: {integrity: sha512-KyP/byeXu9V+etKO6Lw3E4tW4QdcnzDG/ake031mg42lob5tN+5qfr+lkcT/SGZaH2PdW4Z1NX9GHEkZ8xV7og==, registry: https://registry.npmjs.com/, tarball: https://registry.npmjs.org/@rollup/rollup-darwin-x64/-/rollup-darwin-x64-4.9.1.tgz}
    name: '@rollup/rollup-darwin-x64'
    version: 4.9.1
    cpu: [x64]
    os: [darwin]
    requiresBuild: true
    dev: true
    optional: true

  registry.npmjs.org/@rollup/rollup-linux-arm-gnueabihf@4.9.1:
    resolution: {integrity: sha512-Yqz/Doumf3QTKplwGNrCHe/B2p9xqDghBZSlAY0/hU6ikuDVQuOUIpDP/YcmoT+447tsZTmirmjgG3znvSCR0Q==, registry: https://registry.npmjs.com/, tarball: https://registry.npmjs.org/@rollup/rollup-linux-arm-gnueabihf/-/rollup-linux-arm-gnueabihf-4.9.1.tgz}
    name: '@rollup/rollup-linux-arm-gnueabihf'
    version: 4.9.1
    cpu: [arm]
    os: [linux]
    requiresBuild: true
    dev: true
    optional: true

  registry.npmjs.org/@rollup/rollup-linux-arm64-gnu@4.9.1:
    resolution: {integrity: sha512-u3XkZVvxcvlAOlQJ3UsD1rFvLWqu4Ef/Ggl40WAVCuogf4S1nJPHh5RTgqYFpCOvuGJ7H5yGHabjFKEZGExk5Q==, registry: https://registry.npmjs.com/, tarball: https://registry.npmjs.org/@rollup/rollup-linux-arm64-gnu/-/rollup-linux-arm64-gnu-4.9.1.tgz}
    name: '@rollup/rollup-linux-arm64-gnu'
    version: 4.9.1
    cpu: [arm64]
    os: [linux]
    requiresBuild: true
    dev: true
    optional: true

  registry.npmjs.org/@rollup/rollup-linux-arm64-musl@4.9.1:
    resolution: {integrity: sha512-0XSYN/rfWShW+i+qjZ0phc6vZ7UWI8XWNz4E/l+6edFt+FxoEghrJHjX1EY/kcUGCnZzYYRCl31SNdfOi450Aw==, registry: https://registry.npmjs.com/, tarball: https://registry.npmjs.org/@rollup/rollup-linux-arm64-musl/-/rollup-linux-arm64-musl-4.9.1.tgz}
    name: '@rollup/rollup-linux-arm64-musl'
    version: 4.9.1
    cpu: [arm64]
    os: [linux]
    requiresBuild: true
    dev: true
    optional: true

  registry.npmjs.org/@rollup/rollup-linux-riscv64-gnu@4.9.1:
    resolution: {integrity: sha512-LmYIO65oZVfFt9t6cpYkbC4d5lKHLYv5B4CSHRpnANq0VZUQXGcCPXHzbCXCz4RQnx7jvlYB1ISVNCE/omz5cw==, registry: https://registry.npmjs.com/, tarball: https://registry.npmjs.org/@rollup/rollup-linux-riscv64-gnu/-/rollup-linux-riscv64-gnu-4.9.1.tgz}
    name: '@rollup/rollup-linux-riscv64-gnu'
    version: 4.9.1
    cpu: [riscv64]
    os: [linux]
    requiresBuild: true
    dev: true
    optional: true

  registry.npmjs.org/@rollup/rollup-linux-x64-gnu@4.9.1:
    resolution: {integrity: sha512-kr8rEPQ6ns/Lmr/hiw8sEVj9aa07gh1/tQF2Y5HrNCCEPiCBGnBUt9tVusrcBBiJfIt1yNaXN6r1CCmpbFEDpg==, registry: https://registry.npmjs.com/, tarball: https://registry.npmjs.org/@rollup/rollup-linux-x64-gnu/-/rollup-linux-x64-gnu-4.9.1.tgz}
    name: '@rollup/rollup-linux-x64-gnu'
    version: 4.9.1
    cpu: [x64]
    os: [linux]
    requiresBuild: true
    dev: true
    optional: true

  registry.npmjs.org/@rollup/rollup-linux-x64-musl@4.9.1:
    resolution: {integrity: sha512-t4QSR7gN+OEZLG0MiCgPqMWZGwmeHhsM4AkegJ0Kiy6TnJ9vZ8dEIwHw1LcZKhbHxTY32hp9eVCMdR3/I8MGRw==, registry: https://registry.npmjs.com/, tarball: https://registry.npmjs.org/@rollup/rollup-linux-x64-musl/-/rollup-linux-x64-musl-4.9.1.tgz}
    name: '@rollup/rollup-linux-x64-musl'
    version: 4.9.1
    cpu: [x64]
    os: [linux]
    requiresBuild: true
    dev: true
    optional: true

  registry.npmjs.org/@rollup/rollup-win32-arm64-msvc@4.9.1:
    resolution: {integrity: sha512-7XI4ZCBN34cb+BH557FJPmh0kmNz2c25SCQeT9OiFWEgf8+dL6ZwJ8f9RnUIit+j01u07Yvrsuu1rZGxJCc51g==, registry: https://registry.npmjs.com/, tarball: https://registry.npmjs.org/@rollup/rollup-win32-arm64-msvc/-/rollup-win32-arm64-msvc-4.9.1.tgz}
    name: '@rollup/rollup-win32-arm64-msvc'
    version: 4.9.1
    cpu: [arm64]
    os: [win32]
    requiresBuild: true
    dev: true
    optional: true

  registry.npmjs.org/@rollup/rollup-win32-ia32-msvc@4.9.1:
    resolution: {integrity: sha512-yE5c2j1lSWOH5jp+Q0qNL3Mdhr8WuqCNVjc6BxbVfS5cAS6zRmdiw7ktb8GNpDCEUJphILY6KACoFoRtKoqNQg==, registry: https://registry.npmjs.com/, tarball: https://registry.npmjs.org/@rollup/rollup-win32-ia32-msvc/-/rollup-win32-ia32-msvc-4.9.1.tgz}
    name: '@rollup/rollup-win32-ia32-msvc'
    version: 4.9.1
    cpu: [ia32]
    os: [win32]
    requiresBuild: true
    dev: true
    optional: true

  registry.npmjs.org/@rollup/rollup-win32-x64-msvc@4.9.1:
    resolution: {integrity: sha512-PyJsSsafjmIhVgaI1Zdj7m8BB8mMckFah/xbpplObyHfiXzKcI5UOUXRyOdHW7nz4DpMCuzLnF7v5IWHenCwYA==, registry: https://registry.npmjs.com/, tarball: https://registry.npmjs.org/@rollup/rollup-win32-x64-msvc/-/rollup-win32-x64-msvc-4.9.1.tgz}
    name: '@rollup/rollup-win32-x64-msvc'
    version: 4.9.1
    cpu: [x64]
    os: [win32]
    requiresBuild: true
    dev: true
    optional: true

  registry.npmjs.org/esbuild@0.19.10:
    resolution: {integrity: sha512-S1Y27QGt/snkNYrRcswgRFqZjaTG5a5xM3EQo97uNBnH505pdzSNe/HLBq1v0RO7iK/ngdbhJB6mDAp0OK+iUA==, registry: https://registry.npmjs.com/, tarball: https://registry.npmjs.org/esbuild/-/esbuild-0.19.10.tgz}
    name: esbuild
    version: 0.19.10
    engines: {node: '>=12'}
    hasBin: true
    requiresBuild: true
    optionalDependencies:
      '@esbuild/aix-ppc64': registry.npmjs.org/@esbuild/aix-ppc64@0.19.10
      '@esbuild/android-arm': registry.npmjs.org/@esbuild/android-arm@0.19.10
      '@esbuild/android-arm64': registry.npmjs.org/@esbuild/android-arm64@0.19.10
      '@esbuild/android-x64': registry.npmjs.org/@esbuild/android-x64@0.19.10
      '@esbuild/darwin-arm64': registry.npmjs.org/@esbuild/darwin-arm64@0.19.10
      '@esbuild/darwin-x64': registry.npmjs.org/@esbuild/darwin-x64@0.19.10
      '@esbuild/freebsd-arm64': registry.npmjs.org/@esbuild/freebsd-arm64@0.19.10
      '@esbuild/freebsd-x64': registry.npmjs.org/@esbuild/freebsd-x64@0.19.10
      '@esbuild/linux-arm': registry.npmjs.org/@esbuild/linux-arm@0.19.10
      '@esbuild/linux-arm64': registry.npmjs.org/@esbuild/linux-arm64@0.19.10
      '@esbuild/linux-ia32': registry.npmjs.org/@esbuild/linux-ia32@0.19.10
      '@esbuild/linux-loong64': registry.npmjs.org/@esbuild/linux-loong64@0.19.10
      '@esbuild/linux-mips64el': registry.npmjs.org/@esbuild/linux-mips64el@0.19.10
      '@esbuild/linux-ppc64': registry.npmjs.org/@esbuild/linux-ppc64@0.19.10
      '@esbuild/linux-riscv64': registry.npmjs.org/@esbuild/linux-riscv64@0.19.10
      '@esbuild/linux-s390x': registry.npmjs.org/@esbuild/linux-s390x@0.19.10
      '@esbuild/linux-x64': registry.npmjs.org/@esbuild/linux-x64@0.19.10
      '@esbuild/netbsd-x64': registry.npmjs.org/@esbuild/netbsd-x64@0.19.10
      '@esbuild/openbsd-x64': registry.npmjs.org/@esbuild/openbsd-x64@0.19.10
      '@esbuild/sunos-x64': registry.npmjs.org/@esbuild/sunos-x64@0.19.10
      '@esbuild/win32-arm64': registry.npmjs.org/@esbuild/win32-arm64@0.19.10
      '@esbuild/win32-ia32': registry.npmjs.org/@esbuild/win32-ia32@0.19.10
      '@esbuild/win32-x64': registry.npmjs.org/@esbuild/win32-x64@0.19.10
    dev: true

  registry.npmjs.org/fsevents@2.3.3:
    resolution: {integrity: sha512-5xoDfX+fL7faATnagmWPpbFtwh/R77WmMMqqHGS65C3vvB0YHrgF+B1YmZ3441tMj5n63k0212XNoJwzlhffQw==, registry: https://registry.npmjs.com/, tarball: https://registry.npmjs.org/fsevents/-/fsevents-2.3.3.tgz}
    name: fsevents
    version: 2.3.3
    engines: {node: ^8.16.0 || ^10.6.0 || >=11.0.0}
    os: [darwin]
    requiresBuild: true
    dev: true
    optional: true

  registry.npmjs.org/nanoid@3.3.7:
    resolution: {integrity: sha512-eSRppjcPIatRIMC1U6UngP8XFcz8MQWGQdt1MTBQ7NaAmvXDfvNxbvWV3x2y6CdEUciCSsDHDQZbhYaB8QEo2g==, registry: https://registry.npmjs.com/, tarball: https://registry.npmjs.org/nanoid/-/nanoid-3.3.7.tgz}
    name: nanoid
    version: 3.3.7
    engines: {node: ^10 || ^12 || ^13.7 || ^14 || >=15.0.1}
    hasBin: true
    dev: true

  registry.npmjs.org/picocolors@1.0.0:
    resolution: {integrity: sha512-1fygroTLlHu66zi26VoTDv8yRgm0Fccecssto+MhsZ0D/DGW2sm8E8AjW7NU5VVTRt5GxbeZ5qBuJr+HyLYkjQ==, registry: https://registry.npmjs.com/, tarball: https://registry.npmjs.org/picocolors/-/picocolors-1.0.0.tgz}
    name: picocolors
    version: 1.0.0
    dev: true

  registry.npmjs.org/postcss@8.4.32:
    resolution: {integrity: sha512-D/kj5JNu6oo2EIy+XL/26JEDTlIbB8hw85G8StOE6L74RQAVVP5rej6wxCNqyMbR4RkPfqvezVbPw81Ngd6Kcw==, registry: https://registry.npmjs.com/, tarball: https://registry.npmjs.org/postcss/-/postcss-8.4.32.tgz}
    name: postcss
    version: 8.4.32
    engines: {node: ^10 || ^12 || >=14}
    dependencies:
      nanoid: registry.npmjs.org/nanoid@3.3.7
      picocolors: registry.npmjs.org/picocolors@1.0.0
      source-map-js: registry.npmjs.org/source-map-js@1.0.2
    dev: true

  registry.npmjs.org/rollup@4.9.1:
    resolution: {integrity: sha512-pgPO9DWzLoW/vIhlSoDByCzcpX92bKEorbgXuZrqxByte3JFk2xSW2JEeAcyLc9Ru9pqcNNW+Ob7ntsk2oT/Xw==, registry: https://registry.npmjs.com/, tarball: https://registry.npmjs.org/rollup/-/rollup-4.9.1.tgz}
    name: rollup
    version: 4.9.1
    engines: {node: '>=18.0.0', npm: '>=8.0.0'}
    hasBin: true
    optionalDependencies:
      '@rollup/rollup-android-arm-eabi': registry.npmjs.org/@rollup/rollup-android-arm-eabi@4.9.1
      '@rollup/rollup-android-arm64': registry.npmjs.org/@rollup/rollup-android-arm64@4.9.1
      '@rollup/rollup-darwin-arm64': registry.npmjs.org/@rollup/rollup-darwin-arm64@4.9.1
      '@rollup/rollup-darwin-x64': registry.npmjs.org/@rollup/rollup-darwin-x64@4.9.1
      '@rollup/rollup-linux-arm-gnueabihf': registry.npmjs.org/@rollup/rollup-linux-arm-gnueabihf@4.9.1
      '@rollup/rollup-linux-arm64-gnu': registry.npmjs.org/@rollup/rollup-linux-arm64-gnu@4.9.1
      '@rollup/rollup-linux-arm64-musl': registry.npmjs.org/@rollup/rollup-linux-arm64-musl@4.9.1
      '@rollup/rollup-linux-riscv64-gnu': registry.npmjs.org/@rollup/rollup-linux-riscv64-gnu@4.9.1
      '@rollup/rollup-linux-x64-gnu': registry.npmjs.org/@rollup/rollup-linux-x64-gnu@4.9.1
      '@rollup/rollup-linux-x64-musl': registry.npmjs.org/@rollup/rollup-linux-x64-musl@4.9.1
      '@rollup/rollup-win32-arm64-msvc': registry.npmjs.org/@rollup/rollup-win32-arm64-msvc@4.9.1
      '@rollup/rollup-win32-ia32-msvc': registry.npmjs.org/@rollup/rollup-win32-ia32-msvc@4.9.1
      '@rollup/rollup-win32-x64-msvc': registry.npmjs.org/@rollup/rollup-win32-x64-msvc@4.9.1
      fsevents: registry.npmjs.org/fsevents@2.3.3
    dev: true

  registry.npmjs.org/source-map-js@1.0.2:
    resolution: {integrity: sha512-R0XvVJ9WusLiqTCEiGCmICCMplcCkIwwR11mOSD9CR5u+IXYdiseeEuXCVAjS54zqwkLcPNnmU4OeJ6tUrWhDw==, registry: https://registry.npmjs.com/, tarball: https://registry.npmjs.org/source-map-js/-/source-map-js-1.0.2.tgz}
    name: source-map-js
    version: 1.0.2
    engines: {node: '>=0.10.0'}
    dev: true

  registry.npmjs.org/typescript@5.3.3:
    resolution: {integrity: sha512-pXWcraxM0uxAS+tN0AG/BF2TyqmHO014Z070UsJ+pFvYuRSq8KH8DmWpnbXe0pEPDHXZV3FcAbJkijJ5oNEnWw==, registry: https://registry.npmjs.com/, tarball: https://registry.npmjs.org/typescript/-/typescript-5.3.3.tgz}
    name: typescript
    version: 5.3.3
    engines: {node: '>=14.17'}
    hasBin: true
    dev: true

  registry.npmjs.org/vite@5.0.10:
    resolution: {integrity: sha512-2P8J7WWgmc355HUMlFrwofacvr98DAjoE52BfdbwQtyLH06XKwaL/FMnmKM2crF0iX4MpmMKoDlNCB1ok7zHCw==, registry: https://registry.npmjs.com/, tarball: https://registry.npmjs.org/vite/-/vite-5.0.10.tgz}
    name: vite
    version: 5.0.10
    engines: {node: ^18.0.0 || >=20.0.0}
    hasBin: true
    peerDependencies:
      '@types/node': ^18.0.0 || >=20.0.0
      less: '*'
      lightningcss: ^1.21.0
      sass: '*'
      stylus: '*'
      sugarss: '*'
      terser: ^5.4.0
    peerDependenciesMeta:
      '@types/node':
        optional: true
      less:
        optional: true
      lightningcss:
        optional: true
      sass:
        optional: true
      stylus:
        optional: true
      sugarss:
        optional: true
      terser:
        optional: true
    dependencies:
      esbuild: registry.npmjs.org/esbuild@0.19.10
      postcss: registry.npmjs.org/postcss@8.4.32
      rollup: registry.npmjs.org/rollup@4.9.1
    optionalDependencies:
      fsevents: registry.npmjs.org/fsevents@2.3.3
    dev: true

  registry.npmjs.org/xstate@5.4.1:
    resolution: {integrity: sha512-1DDT047hsTCSgm3BwLyb4sXQDmTdbLutc4ni0MLACgd2yX6vij35pnNNf1F4U6kQ8njx6NxQ6wpLjlh1lqs0NQ==, registry: https://registry.npmjs.com/, tarball: https://registry.npmjs.org/xstate/-/xstate-5.4.1.tgz}
    name: xstate
    version: 5.4.1
    dev: false

settings:
  autoInstallPeers: true
  excludeLinksFromLockfile: false
